// !$*UTF8*$!
{
	archiveVersion = 1;
	classes = {
	};
	objectVersion = 51;
	objects = {

/* Begin PBXBuildFile section */
		263D1C52B13253A352ABF151 /* Pods_onTop.framework in Frameworks */ = {isa = PBXBuildFile; fileRef = 4EF52C2633A43F82790948DB /* Pods_onTop.framework */; };
		865C4EEE22BE854900629F82 /* OrganisationsService.swift in Sources */ = {isa = PBXBuildFile; fileRef = 865C4EED22BE854900629F82 /* OrganisationsService.swift */; };
		865C4EF022BE858000629F82 /* OrganisationsRemoteService.swift in Sources */ = {isa = PBXBuildFile; fileRef = 865C4EEF22BE858000629F82 /* OrganisationsRemoteService.swift */; };
		865C4EF222BE861900629F82 /* OrganisationsRemoteServiceMock.swift in Sources */ = {isa = PBXBuildFile; fileRef = 865C4EF122BE861900629F82 /* OrganisationsRemoteServiceMock.swift */; };
		865C4EF422BE89D600629F82 /* OrganisationsVM.swift in Sources */ = {isa = PBXBuildFile; fileRef = 865C4EF322BE89D600629F82 /* OrganisationsVM.swift */; };
		865C4EF622BF75EB00629F82 /* AnnouncementVC.swift in Sources */ = {isa = PBXBuildFile; fileRef = 865C4EF522BF75EB00629F82 /* AnnouncementVC.swift */; };
		865C4EF822BF788100629F82 /* AnnouncementCoordinator.swift in Sources */ = {isa = PBXBuildFile; fileRef = 865C4EF722BF788100629F82 /* AnnouncementCoordinator.swift */; };
		865C4EFA22BF95D300629F82 /* AnnouncementVM.swift in Sources */ = {isa = PBXBuildFile; fileRef = 865C4EF922BF95D300629F82 /* AnnouncementVM.swift */; };
		865C4F0022BFB7BF00629F82 /* CommentsService.swift in Sources */ = {isa = PBXBuildFile; fileRef = 865C4EFF22BFB7BF00629F82 /* CommentsService.swift */; };
		865C4F0222BFB7E200629F82 /* CommentsRemoteService.swift in Sources */ = {isa = PBXBuildFile; fileRef = 865C4F0122BFB7E200629F82 /* CommentsRemoteService.swift */; };
		865C4F0422BFB93600629F82 /* CommentsRemoteServiceMock.swift in Sources */ = {isa = PBXBuildFile; fileRef = 865C4F0322BFB93600629F82 /* CommentsRemoteServiceMock.swift */; };
		865C4F0622BFB98500629F82 /* Comment.swift in Sources */ = {isa = PBXBuildFile; fileRef = 865C4F0522BFB98500629F82 /* Comment.swift */; };
		865C4F0822BFBD9900629F82 /* CommentsVM.swift in Sources */ = {isa = PBXBuildFile; fileRef = 865C4F0722BFBD9900629F82 /* CommentsVM.swift */; };
		865C4F0B22BFBE5E00629F82 /* CommentTableViewCell.swift in Sources */ = {isa = PBXBuildFile; fileRef = 865C4F0A22BFBE5E00629F82 /* CommentTableViewCell.swift */; };
		865C4F0D22C016BC00629F82 /* MainAppCoordinator.swift in Sources */ = {isa = PBXBuildFile; fileRef = 865C4F0C22C016BC00629F82 /* MainAppCoordinator.swift */; };
		865C4F0F22C0170100629F82 /* FirstLoginVC.swift in Sources */ = {isa = PBXBuildFile; fileRef = 865C4F0E22C0170100629F82 /* FirstLoginVC.swift */; };
		865C4F1122C01ED900629F82 /* Organisation.swift in Sources */ = {isa = PBXBuildFile; fileRef = 865C4F1022C01ED900629F82 /* Organisation.swift */; };
		865C4F1422C020A100629F82 /* OrganisationVM.swift in Sources */ = {isa = PBXBuildFile; fileRef = 865C4F1322C020A100629F82 /* OrganisationVM.swift */; };
		865C4F1622C023EF00629F82 /* SubscribeTableViewCell.swift in Sources */ = {isa = PBXBuildFile; fileRef = 865C4F1522C023EF00629F82 /* SubscribeTableViewCell.swift */; };
		865C4F1822C046E500629F82 /* InitiateConversationVC.swift in Sources */ = {isa = PBXBuildFile; fileRef = 865C4F1722C046E500629F82 /* InitiateConversationVC.swift */; };
		865C4F1A22C0494600629F82 /* InitiateConversationCoordinator.swift in Sources */ = {isa = PBXBuildFile; fileRef = 865C4F1922C0494600629F82 /* InitiateConversationCoordinator.swift */; };
		865C4F1C22C0504600629F82 /* ConversationCoordinator.swift in Sources */ = {isa = PBXBuildFile; fileRef = 865C4F1B22C0504600629F82 /* ConversationCoordinator.swift */; };
		865C4F1E22C0515400629F82 /* ConversationVC.swift in Sources */ = {isa = PBXBuildFile; fileRef = 865C4F1D22C0515400629F82 /* ConversationVC.swift */; };
		865C4F2022C054F900629F82 /* MessageTableViewCell.swift in Sources */ = {isa = PBXBuildFile; fileRef = 865C4F1F22C054F900629F82 /* MessageTableViewCell.swift */; };
		865C4F2222C05DB700629F82 /* PaddingLabel.swift in Sources */ = {isa = PBXBuildFile; fileRef = 865C4F2122C05DB700629F82 /* PaddingLabel.swift */; };
		866855C425C852E00062165F /* GoogleService-Info.plist in Resources */ = {isa = PBXBuildFile; fileRef = 866855C325C852E00062165F /* GoogleService-Info.plist */; };
		866855FF25C8585C0062165F /* PhoneVerificationCoordinator.swift in Sources */ = {isa = PBXBuildFile; fileRef = 866855FE25C8585C0062165F /* PhoneVerificationCoordinator.swift */; };
		8668560225C858B10062165F /* PhoneVerificationViewController.swift in Sources */ = {isa = PBXBuildFile; fileRef = 8668560125C858B00062165F /* PhoneVerificationViewController.swift */; };
		8668560725C858FA0062165F /* CodeInputView.swift in Sources */ = {isa = PBXBuildFile; fileRef = 8668560625C858FA0062165F /* CodeInputView.swift */; };
		8668560B25C8591A0062165F /* RoPhoneNumberTextField.swift in Sources */ = {isa = PBXBuildFile; fileRef = 8668560A25C8591A0062165F /* RoPhoneNumberTextField.swift */; };
		8668561325C859E10062165F /* Auth.storyboard in Resources */ = {isa = PBXBuildFile; fileRef = 8668561225C859E10062165F /* Auth.storyboard */; };
		8668561725C85CED0062165F /* SmsValidationCoordinator.swift in Sources */ = {isa = PBXBuildFile; fileRef = 8668561625C85CED0062165F /* SmsValidationCoordinator.swift */; };
		8668561B25C85D3B0062165F /* PhoneService.swift in Sources */ = {isa = PBXBuildFile; fileRef = 8668561A25C85D3B0062165F /* PhoneService.swift */; };
		8668561F25C85D4F0062165F /* PhoneRemoteService.swift in Sources */ = {isa = PBXBuildFile; fileRef = 8668561E25C85D4F0062165F /* PhoneRemoteService.swift */; };
		8668562225C85D630062165F /* PhoneRemoteServiceReal.swift in Sources */ = {isa = PBXBuildFile; fileRef = 8668562125C85D630062165F /* PhoneRemoteServiceReal.swift */; };
		8668562525C85D730062165F /* PhoneRemoteServiceMock.swift in Sources */ = {isa = PBXBuildFile; fileRef = 8668562425C85D730062165F /* PhoneRemoteServiceMock.swift */; };
		8668562A25C85DDF0062165F /* SmsValidationViewController.swift in Sources */ = {isa = PBXBuildFile; fileRef = 8668562925C85DDF0062165F /* SmsValidationViewController.swift */; };
		8668562E25C860B20062165F /* RegistrationViewController.swift in Sources */ = {isa = PBXBuildFile; fileRef = 8668562D25C860B10062165F /* RegistrationViewController.swift */; };
		8668563125C8610B0062165F /* UserInfo.swift in Sources */ = {isa = PBXBuildFile; fileRef = 8668563025C8610B0062165F /* UserInfo.swift */; };
		8668563425C8619C0062165F /* RegistrationCoordinator.swift in Sources */ = {isa = PBXBuildFile; fileRef = 8668563325C8619C0062165F /* RegistrationCoordinator.swift */; };
		8668563925C8624C0062165F /* ApiConstants.swift in Sources */ = {isa = PBXBuildFile; fileRef = 8668563825C8624C0062165F /* ApiConstants.swift */; };
		8668563F25C8666F0062165F /* AuthService.swift in Sources */ = {isa = PBXBuildFile; fileRef = 8668563E25C8666F0062165F /* AuthService.swift */; };
		8668564325C866A20062165F /* AuthRemoteService.swift in Sources */ = {isa = PBXBuildFile; fileRef = 8668564225C866A20062165F /* AuthRemoteService.swift */; };
		8668564625C866E70062165F /* AuthRemoteServiceReal.swift in Sources */ = {isa = PBXBuildFile; fileRef = 8668564525C866E70062165F /* AuthRemoteServiceReal.swift */; };
		8668564925C867160062165F /* AuthRemoteServiceMock.swift in Sources */ = {isa = PBXBuildFile; fileRef = 8668564825C867160062165F /* AuthRemoteServiceMock.swift */; };
		8668564D25C8B2190062165F /* RequestInterceptor.swift in Sources */ = {isa = PBXBuildFile; fileRef = 8668564C25C8B2190062165F /* RequestInterceptor.swift */; };
		867EDB2522ADA64F00806528 /* TabBarCoordinator.swift in Sources */ = {isa = PBXBuildFile; fileRef = 867EDB2422ADA64E00806528 /* TabBarCoordinator.swift */; };
		867EDB2722ADA6B900806528 /* TabBarVC.swift in Sources */ = {isa = PBXBuildFile; fileRef = 867EDB2622ADA6B900806528 /* TabBarVC.swift */; };
		867EDB2922ADAB0F00806528 /* AnnouncementsTabCoordinator.swift in Sources */ = {isa = PBXBuildFile; fileRef = 867EDB2822ADAB0F00806528 /* AnnouncementsTabCoordinator.swift */; };
		867EDB2C22ADAFC200806528 /* AnnouncementsTabVC.swift in Sources */ = {isa = PBXBuildFile; fileRef = 867EDB2B22ADAFC200806528 /* AnnouncementsTabVC.swift */; };
		867EDB2F22ADB9F000806528 /* AnnouncementHeadline.swift in Sources */ = {isa = PBXBuildFile; fileRef = 867EDB2E22ADB9F000806528 /* AnnouncementHeadline.swift */; };
		867EDB3122ADBA0C00806528 /* AnnouncementHeadline.xib in Resources */ = {isa = PBXBuildFile; fileRef = 867EDB3022ADBA0C00806528 /* AnnouncementHeadline.xib */; };
		867EDB3422ADBA7600806528 /* NibView.swift in Sources */ = {isa = PBXBuildFile; fileRef = 867EDB3322ADBA7600806528 /* NibView.swift */; };
		867EDB3622ADBAA900806528 /* IBView.swift in Sources */ = {isa = PBXBuildFile; fileRef = 867EDB3522ADBAA900806528 /* IBView.swift */; };
		867EDB3922ADC28500806528 /* AnnouncementHeadlineCollectionViewCell.swift in Sources */ = {isa = PBXBuildFile; fileRef = 867EDB3822ADC28500806528 /* AnnouncementHeadlineCollectionViewCell.swift */; };
		867EDB3D22ADC40700806528 /* AnnouncementsService.swift in Sources */ = {isa = PBXBuildFile; fileRef = 867EDB3C22ADC40700806528 /* AnnouncementsService.swift */; };
		867EDB3F22ADC57300806528 /* AnnouncementsRemoteService.swift in Sources */ = {isa = PBXBuildFile; fileRef = 867EDB3E22ADC57300806528 /* AnnouncementsRemoteService.swift */; };
		867EDB4122ADC5BA00806528 /* AnnouncementsRemoteServiceReal.swift in Sources */ = {isa = PBXBuildFile; fileRef = 867EDB4022ADC5BA00806528 /* AnnouncementsRemoteServiceReal.swift */; };
		867EDB4322ADC5C900806528 /* AnnouncementsRemoteServiceMock.swift in Sources */ = {isa = PBXBuildFile; fileRef = 867EDB4222ADC5C900806528 /* AnnouncementsRemoteServiceMock.swift */; };
		867EDB4522ADC62200806528 /* Announcement.swift in Sources */ = {isa = PBXBuildFile; fileRef = 867EDB4422ADC62200806528 /* Announcement.swift */; };
		867EDB4722ADC9E000806528 /* AnnouncementsTabVM.swift in Sources */ = {isa = PBXBuildFile; fileRef = 867EDB4622ADC9E000806528 /* AnnouncementsTabVM.swift */; };
		86ABD735225A58F800D0EBE8 /* AppDelegate.swift in Sources */ = {isa = PBXBuildFile; fileRef = 86ABD734225A58F800D0EBE8 /* AppDelegate.swift */; };
		86ABD73A225A58F800D0EBE8 /* Main.storyboard in Resources */ = {isa = PBXBuildFile; fileRef = 86ABD738225A58F800D0EBE8 /* Main.storyboard */; };
		86ABD73C225A58FB00D0EBE8 /* Assets.xcassets in Resources */ = {isa = PBXBuildFile; fileRef = 86ABD73B225A58FB00D0EBE8 /* Assets.xcassets */; };
		86ABD73F225A58FB00D0EBE8 /* LaunchScreen.storyboard in Resources */ = {isa = PBXBuildFile; fileRef = 86ABD73D225A58FB00D0EBE8 /* LaunchScreen.storyboard */; };
		86ABD748225A5C8500D0EBE8 /* StoryboardViewController.swift in Sources */ = {isa = PBXBuildFile; fileRef = 86ABD747225A5C8500D0EBE8 /* StoryboardViewController.swift */; };
		86ABD74A225A5CC000D0EBE8 /* UIStoryboard+AppStoryboards.swift in Sources */ = {isa = PBXBuildFile; fileRef = 86ABD749225A5CC000D0EBE8 /* UIStoryboard+AppStoryboards.swift */; };
		86ABD74F225A5D2700D0EBE8 /* Coordinator.swift in Sources */ = {isa = PBXBuildFile; fileRef = 86ABD74E225A5D2700D0EBE8 /* Coordinator.swift */; };
		86ABD751225A5D4D00D0EBE8 /* AppCoordinator.swift in Sources */ = {isa = PBXBuildFile; fileRef = 86ABD750225A5D4D00D0EBE8 /* AppCoordinator.swift */; };
		86ABD759225A72CC00D0EBE8 /* UIColor+Hex.swift in Sources */ = {isa = PBXBuildFile; fileRef = 86ABD758225A72CC00D0EBE8 /* UIColor+Hex.swift */; };
		86ABD75B225A739900D0EBE8 /* UIColor+CustomColors.swift in Sources */ = {isa = PBXBuildFile; fileRef = 86ABD75A225A739900D0EBE8 /* UIColor+CustomColors.swift */; };
		86E9A3F922CBFCFF00636C82 /* OrganisationsRemoteServiceReal.swift in Sources */ = {isa = PBXBuildFile; fileRef = 86E9A3F822CBFCFF00636C82 /* OrganisationsRemoteServiceReal.swift */; };
		86E9A3FC22CC0A0300636C82 /* SubscriptionServiec.swift in Sources */ = {isa = PBXBuildFile; fileRef = 86E9A3FB22CC0A0300636C82 /* SubscriptionServiec.swift */; };
		86E9A3FE22CC0A3B00636C82 /* SubscriptionRemoteService.swift in Sources */ = {isa = PBXBuildFile; fileRef = 86E9A3FD22CC0A3B00636C82 /* SubscriptionRemoteService.swift */; };
		86E9A40022CC0B5900636C82 /* SubscriptionRemoteServiceMock.swift in Sources */ = {isa = PBXBuildFile; fileRef = 86E9A3FF22CC0B5900636C82 /* SubscriptionRemoteServiceMock.swift */; };
		86E9A40222CC0B6400636C82 /* SubscriptionRemoteServiceReal.swift in Sources */ = {isa = PBXBuildFile; fileRef = 86E9A40122CC0B6400636C82 /* SubscriptionRemoteServiceReal.swift */; };
		86E9A40422CC145900636C82 /* SubscriptionService+SubscriptionError.swift in Sources */ = {isa = PBXBuildFile; fileRef = 86E9A40322CC145900636C82 /* SubscriptionService+SubscriptionError.swift */; };
		86E9A40822CD5EA600636C82 /* ImageViewForReusableCells.swift in Sources */ = {isa = PBXBuildFile; fileRef = 86E9A40722CD5EA600636C82 /* ImageViewForReusableCells.swift */; };
		86E9A40A22CDFA9900636C82 /* CommentsRemoteServiceReal.swift in Sources */ = {isa = PBXBuildFile; fileRef = 86E9A40922CDFA9900636C82 /* CommentsRemoteServiceReal.swift */; };
		86E9A40C22CDFCD700636C82 /* CommentsService+CommentsError.swift in Sources */ = {isa = PBXBuildFile; fileRef = 86E9A40B22CDFCD700636C82 /* CommentsService+CommentsError.swift */; };
		86E9A40E22CE07FF00636C82 /* ChatTabTableVC.swift in Sources */ = {isa = PBXBuildFile; fileRef = 86E9A40D22CE07FF00636C82 /* ChatTabTableVC.swift */; };
		86E9A41022CE085F00636C82 /* ChatTabTableCoordinator.swift in Sources */ = {isa = PBXBuildFile; fileRef = 86E9A40F22CE085F00636C82 /* ChatTabTableCoordinator.swift */; };
		86E9A41322CE099700636C82 /* ChatService.swift in Sources */ = {isa = PBXBuildFile; fileRef = 86E9A41222CE099700636C82 /* ChatService.swift */; };
		86E9A41522CE09F000636C82 /* Chat.swift in Sources */ = {isa = PBXBuildFile; fileRef = 86E9A41422CE09F000636C82 /* Chat.swift */; };
		86E9A41722CE0A3000636C82 /* Message.swift in Sources */ = {isa = PBXBuildFile; fileRef = 86E9A41622CE0A3000636C82 /* Message.swift */; };
		86E9A41922CE23FE00636C82 /* SettingsUnsubscribeVC.swift in Sources */ = {isa = PBXBuildFile; fileRef = 86E9A41822CE23FE00636C82 /* SettingsUnsubscribeVC.swift */; };
		86E9A41D22CE25FF00636C82 /* SettingsUnsubscrileCoordinator.swift in Sources */ = {isa = PBXBuildFile; fileRef = 86E9A41C22CE25FF00636C82 /* SettingsUnsubscrileCoordinator.swift */; };
		86E9A41F22CE330800636C82 /* ChangeEmailVC.swift in Sources */ = {isa = PBXBuildFile; fileRef = 86E9A41E22CE330800636C82 /* ChangeEmailVC.swift */; };
		86E9A42122CE331D00636C82 /* ChangePasswordVC.swift in Sources */ = {isa = PBXBuildFile; fileRef = 86E9A42022CE331D00636C82 /* ChangePasswordVC.swift */; };
		86E9A42322CE346C00636C82 /* ChangeEmailCoordinator.swift in Sources */ = {isa = PBXBuildFile; fileRef = 86E9A42222CE346C00636C82 /* ChangeEmailCoordinator.swift */; };
		86E9A42522CE348200636C82 /* ChangePasswordCoordinator.swift in Sources */ = {isa = PBXBuildFile; fileRef = 86E9A42422CE348200636C82 /* ChangePasswordCoordinator.swift */; };
		86EA31B8225B3013004F7DCA /* ServiceProvider.swift in Sources */ = {isa = PBXBuildFile; fileRef = 86EA31B7225B3013004F7DCA /* ServiceProvider.swift */; };
		86EA31C2225B336B004F7DCA /* LoginDetails.swift in Sources */ = {isa = PBXBuildFile; fileRef = 86EA31C1225B336B004F7DCA /* LoginDetails.swift */; };
		86EA31C6225B8ADF004F7DCA /* ServiceFactory.swift in Sources */ = {isa = PBXBuildFile; fileRef = 86EA31C5225B8ADF004F7DCA /* ServiceFactory.swift */; };
		86EA31CA225B8B39004F7DCA /* ServiceMockFactory.swift in Sources */ = {isa = PBXBuildFile; fileRef = 86EA31C9225B8B39004F7DCA /* ServiceMockFactory.swift */; };
		86EA31CE226509FF004F7DCA /* UIViewController+ErrorHandling.swift in Sources */ = {isa = PBXBuildFile; fileRef = 86EA31CD226509FF004F7DCA /* UIViewController+ErrorHandling.swift */; };
		86EA31D222650B60004F7DCA /* RegisterDetails.swift in Sources */ = {isa = PBXBuildFile; fileRef = 86EA31D122650B60004F7DCA /* RegisterDetails.swift */; };
		86EE68BD22BC3E3000769B26 /* UltravisualLayout.swift in Sources */ = {isa = PBXBuildFile; fileRef = 86EE68BC22BC3E3000769B26 /* UltravisualLayout.swift */; };
		86EE68C122BE68DA00769B26 /* SearchOrganisationTabVC.swift in Sources */ = {isa = PBXBuildFile; fileRef = 86EE68C022BE68DA00769B26 /* SearchOrganisationTabVC.swift */; };
		86EE68C522BE69D500769B26 /* SettingsTabVC.swift in Sources */ = {isa = PBXBuildFile; fileRef = 86EE68C422BE69D500769B26 /* SettingsTabVC.swift */; };
		86EE68C822BE6A7600769B26 /* SearchOrganisationTabCoordinator.swift in Sources */ = {isa = PBXBuildFile; fileRef = 86EE68C722BE6A7600769B26 /* SearchOrganisationTabCoordinator.swift */; };
		86EE68CC22BE6B6500769B26 /* SettingsTabCoordinator.swift in Sources */ = {isa = PBXBuildFile; fileRef = 86EE68CB22BE6B6500769B26 /* SettingsTabCoordinator.swift */; };
/* End PBXBuildFile section */

/* Begin PBXFileReference section */
		34E062F6C6D02453A7E65FC6 /* Pods-onTop.release.xcconfig */ = {isa = PBXFileReference; includeInIndex = 1; lastKnownFileType = text.xcconfig; name = "Pods-onTop.release.xcconfig"; path = "Pods/Target Support Files/Pods-onTop/Pods-onTop.release.xcconfig"; sourceTree = "<group>"; };
		4EF52C2633A43F82790948DB /* Pods_onTop.framework */ = {isa = PBXFileReference; explicitFileType = wrapper.framework; includeInIndex = 0; path = Pods_onTop.framework; sourceTree = BUILT_PRODUCTS_DIR; };
		865C4EED22BE854900629F82 /* OrganisationsService.swift */ = {isa = PBXFileReference; lastKnownFileType = sourcecode.swift; path = OrganisationsService.swift; sourceTree = "<group>"; };
		865C4EEF22BE858000629F82 /* OrganisationsRemoteService.swift */ = {isa = PBXFileReference; lastKnownFileType = sourcecode.swift; path = OrganisationsRemoteService.swift; sourceTree = "<group>"; };
		865C4EF122BE861900629F82 /* OrganisationsRemoteServiceMock.swift */ = {isa = PBXFileReference; lastKnownFileType = sourcecode.swift; path = OrganisationsRemoteServiceMock.swift; sourceTree = "<group>"; };
		865C4EF322BE89D600629F82 /* OrganisationsVM.swift */ = {isa = PBXFileReference; lastKnownFileType = sourcecode.swift; path = OrganisationsVM.swift; sourceTree = "<group>"; };
		865C4EF522BF75EB00629F82 /* AnnouncementVC.swift */ = {isa = PBXFileReference; lastKnownFileType = sourcecode.swift; path = AnnouncementVC.swift; sourceTree = "<group>"; };
		865C4EF722BF788100629F82 /* AnnouncementCoordinator.swift */ = {isa = PBXFileReference; lastKnownFileType = sourcecode.swift; path = AnnouncementCoordinator.swift; sourceTree = "<group>"; };
		865C4EF922BF95D300629F82 /* AnnouncementVM.swift */ = {isa = PBXFileReference; lastKnownFileType = sourcecode.swift; path = AnnouncementVM.swift; sourceTree = "<group>"; };
		865C4EFF22BFB7BF00629F82 /* CommentsService.swift */ = {isa = PBXFileReference; lastKnownFileType = sourcecode.swift; path = CommentsService.swift; sourceTree = "<group>"; };
		865C4F0122BFB7E200629F82 /* CommentsRemoteService.swift */ = {isa = PBXFileReference; lastKnownFileType = sourcecode.swift; path = CommentsRemoteService.swift; sourceTree = "<group>"; };
		865C4F0322BFB93600629F82 /* CommentsRemoteServiceMock.swift */ = {isa = PBXFileReference; lastKnownFileType = sourcecode.swift; path = CommentsRemoteServiceMock.swift; sourceTree = "<group>"; };
		865C4F0522BFB98500629F82 /* Comment.swift */ = {isa = PBXFileReference; lastKnownFileType = sourcecode.swift; path = Comment.swift; sourceTree = "<group>"; };
		865C4F0722BFBD9900629F82 /* CommentsVM.swift */ = {isa = PBXFileReference; lastKnownFileType = sourcecode.swift; path = CommentsVM.swift; sourceTree = "<group>"; };
		865C4F0A22BFBE5E00629F82 /* CommentTableViewCell.swift */ = {isa = PBXFileReference; lastKnownFileType = sourcecode.swift; path = CommentTableViewCell.swift; sourceTree = "<group>"; };
		865C4F0C22C016BC00629F82 /* MainAppCoordinator.swift */ = {isa = PBXFileReference; lastKnownFileType = sourcecode.swift; path = MainAppCoordinator.swift; sourceTree = "<group>"; };
		865C4F0E22C0170100629F82 /* FirstLoginVC.swift */ = {isa = PBXFileReference; lastKnownFileType = sourcecode.swift; path = FirstLoginVC.swift; sourceTree = "<group>"; };
		865C4F1022C01ED900629F82 /* Organisation.swift */ = {isa = PBXFileReference; lastKnownFileType = sourcecode.swift; path = Organisation.swift; sourceTree = "<group>"; };
		865C4F1322C020A100629F82 /* OrganisationVM.swift */ = {isa = PBXFileReference; lastKnownFileType = sourcecode.swift; path = OrganisationVM.swift; sourceTree = "<group>"; };
		865C4F1522C023EF00629F82 /* SubscribeTableViewCell.swift */ = {isa = PBXFileReference; lastKnownFileType = sourcecode.swift; path = SubscribeTableViewCell.swift; sourceTree = "<group>"; };
		865C4F1722C046E500629F82 /* InitiateConversationVC.swift */ = {isa = PBXFileReference; lastKnownFileType = sourcecode.swift; path = InitiateConversationVC.swift; sourceTree = "<group>"; };
		865C4F1922C0494600629F82 /* InitiateConversationCoordinator.swift */ = {isa = PBXFileReference; lastKnownFileType = sourcecode.swift; path = InitiateConversationCoordinator.swift; sourceTree = "<group>"; };
		865C4F1B22C0504600629F82 /* ConversationCoordinator.swift */ = {isa = PBXFileReference; lastKnownFileType = sourcecode.swift; path = ConversationCoordinator.swift; sourceTree = "<group>"; };
		865C4F1D22C0515400629F82 /* ConversationVC.swift */ = {isa = PBXFileReference; lastKnownFileType = sourcecode.swift; path = ConversationVC.swift; sourceTree = "<group>"; };
		865C4F1F22C054F900629F82 /* MessageTableViewCell.swift */ = {isa = PBXFileReference; lastKnownFileType = sourcecode.swift; path = MessageTableViewCell.swift; sourceTree = "<group>"; };
		865C4F2122C05DB700629F82 /* PaddingLabel.swift */ = {isa = PBXFileReference; lastKnownFileType = sourcecode.swift; path = PaddingLabel.swift; sourceTree = "<group>"; };
		866855C325C852E00062165F /* GoogleService-Info.plist */ = {isa = PBXFileReference; fileEncoding = 4; lastKnownFileType = text.plist.xml; path = "GoogleService-Info.plist"; sourceTree = "<group>"; };
		866855FE25C8585C0062165F /* PhoneVerificationCoordinator.swift */ = {isa = PBXFileReference; lastKnownFileType = sourcecode.swift; path = PhoneVerificationCoordinator.swift; sourceTree = "<group>"; };
		8668560125C858B00062165F /* PhoneVerificationViewController.swift */ = {isa = PBXFileReference; lastKnownFileType = sourcecode.swift; path = PhoneVerificationViewController.swift; sourceTree = "<group>"; };
		8668560625C858FA0062165F /* CodeInputView.swift */ = {isa = PBXFileReference; lastKnownFileType = sourcecode.swift; path = CodeInputView.swift; sourceTree = "<group>"; };
		8668560A25C8591A0062165F /* RoPhoneNumberTextField.swift */ = {isa = PBXFileReference; lastKnownFileType = sourcecode.swift; path = RoPhoneNumberTextField.swift; sourceTree = "<group>"; };
		8668561225C859E10062165F /* Auth.storyboard */ = {isa = PBXFileReference; lastKnownFileType = file.storyboard; path = Auth.storyboard; sourceTree = "<group>"; };
		8668561625C85CED0062165F /* SmsValidationCoordinator.swift */ = {isa = PBXFileReference; lastKnownFileType = sourcecode.swift; path = SmsValidationCoordinator.swift; sourceTree = "<group>"; };
		8668561A25C85D3B0062165F /* PhoneService.swift */ = {isa = PBXFileReference; lastKnownFileType = sourcecode.swift; path = PhoneService.swift; sourceTree = "<group>"; };
		8668561E25C85D4F0062165F /* PhoneRemoteService.swift */ = {isa = PBXFileReference; lastKnownFileType = sourcecode.swift; path = PhoneRemoteService.swift; sourceTree = "<group>"; };
		8668562125C85D630062165F /* PhoneRemoteServiceReal.swift */ = {isa = PBXFileReference; lastKnownFileType = sourcecode.swift; path = PhoneRemoteServiceReal.swift; sourceTree = "<group>"; };
		8668562425C85D730062165F /* PhoneRemoteServiceMock.swift */ = {isa = PBXFileReference; lastKnownFileType = sourcecode.swift; path = PhoneRemoteServiceMock.swift; sourceTree = "<group>"; };
		8668562925C85DDF0062165F /* SmsValidationViewController.swift */ = {isa = PBXFileReference; lastKnownFileType = sourcecode.swift; path = SmsValidationViewController.swift; sourceTree = "<group>"; };
		8668562D25C860B10062165F /* RegistrationViewController.swift */ = {isa = PBXFileReference; lastKnownFileType = sourcecode.swift; path = RegistrationViewController.swift; sourceTree = "<group>"; };
		8668563025C8610B0062165F /* UserInfo.swift */ = {isa = PBXFileReference; lastKnownFileType = sourcecode.swift; path = UserInfo.swift; sourceTree = "<group>"; };
		8668563325C8619C0062165F /* RegistrationCoordinator.swift */ = {isa = PBXFileReference; lastKnownFileType = sourcecode.swift; path = RegistrationCoordinator.swift; sourceTree = "<group>"; };
		8668563825C8624C0062165F /* ApiConstants.swift */ = {isa = PBXFileReference; lastKnownFileType = sourcecode.swift; path = ApiConstants.swift; sourceTree = "<group>"; };
		8668563E25C8666F0062165F /* AuthService.swift */ = {isa = PBXFileReference; lastKnownFileType = sourcecode.swift; path = AuthService.swift; sourceTree = "<group>"; };
		8668564225C866A20062165F /* AuthRemoteService.swift */ = {isa = PBXFileReference; lastKnownFileType = sourcecode.swift; path = AuthRemoteService.swift; sourceTree = "<group>"; };
		8668564525C866E70062165F /* AuthRemoteServiceReal.swift */ = {isa = PBXFileReference; lastKnownFileType = sourcecode.swift; path = AuthRemoteServiceReal.swift; sourceTree = "<group>"; };
		8668564825C867160062165F /* AuthRemoteServiceMock.swift */ = {isa = PBXFileReference; lastKnownFileType = sourcecode.swift; path = AuthRemoteServiceMock.swift; sourceTree = "<group>"; };
		8668564C25C8B2190062165F /* RequestInterceptor.swift */ = {isa = PBXFileReference; lastKnownFileType = sourcecode.swift; path = RequestInterceptor.swift; sourceTree = "<group>"; };
		867EDB2422ADA64E00806528 /* TabBarCoordinator.swift */ = {isa = PBXFileReference; lastKnownFileType = sourcecode.swift; path = TabBarCoordinator.swift; sourceTree = "<group>"; };
		867EDB2622ADA6B900806528 /* TabBarVC.swift */ = {isa = PBXFileReference; lastKnownFileType = sourcecode.swift; path = TabBarVC.swift; sourceTree = "<group>"; };
		867EDB2822ADAB0F00806528 /* AnnouncementsTabCoordinator.swift */ = {isa = PBXFileReference; lastKnownFileType = sourcecode.swift; path = AnnouncementsTabCoordinator.swift; sourceTree = "<group>"; };
		867EDB2B22ADAFC200806528 /* AnnouncementsTabVC.swift */ = {isa = PBXFileReference; lastKnownFileType = sourcecode.swift; path = AnnouncementsTabVC.swift; sourceTree = "<group>"; };
		867EDB2E22ADB9F000806528 /* AnnouncementHeadline.swift */ = {isa = PBXFileReference; lastKnownFileType = sourcecode.swift; path = AnnouncementHeadline.swift; sourceTree = "<group>"; };
		867EDB3022ADBA0C00806528 /* AnnouncementHeadline.xib */ = {isa = PBXFileReference; lastKnownFileType = file.xib; path = AnnouncementHeadline.xib; sourceTree = "<group>"; };
		867EDB3322ADBA7600806528 /* NibView.swift */ = {isa = PBXFileReference; lastKnownFileType = sourcecode.swift; path = NibView.swift; sourceTree = "<group>"; };
		867EDB3522ADBAA900806528 /* IBView.swift */ = {isa = PBXFileReference; lastKnownFileType = sourcecode.swift; path = IBView.swift; sourceTree = "<group>"; };
		867EDB3822ADC28500806528 /* AnnouncementHeadlineCollectionViewCell.swift */ = {isa = PBXFileReference; lastKnownFileType = sourcecode.swift; path = AnnouncementHeadlineCollectionViewCell.swift; sourceTree = "<group>"; };
		867EDB3C22ADC40700806528 /* AnnouncementsService.swift */ = {isa = PBXFileReference; lastKnownFileType = sourcecode.swift; path = AnnouncementsService.swift; sourceTree = "<group>"; };
		867EDB3E22ADC57300806528 /* AnnouncementsRemoteService.swift */ = {isa = PBXFileReference; lastKnownFileType = sourcecode.swift; path = AnnouncementsRemoteService.swift; sourceTree = "<group>"; };
		867EDB4022ADC5BA00806528 /* AnnouncementsRemoteServiceReal.swift */ = {isa = PBXFileReference; lastKnownFileType = sourcecode.swift; path = AnnouncementsRemoteServiceReal.swift; sourceTree = "<group>"; };
		867EDB4222ADC5C900806528 /* AnnouncementsRemoteServiceMock.swift */ = {isa = PBXFileReference; lastKnownFileType = sourcecode.swift; path = AnnouncementsRemoteServiceMock.swift; sourceTree = "<group>"; };
		867EDB4422ADC62200806528 /* Announcement.swift */ = {isa = PBXFileReference; lastKnownFileType = sourcecode.swift; path = Announcement.swift; sourceTree = "<group>"; };
		867EDB4622ADC9E000806528 /* AnnouncementsTabVM.swift */ = {isa = PBXFileReference; lastKnownFileType = sourcecode.swift; path = AnnouncementsTabVM.swift; sourceTree = "<group>"; };
		86ABD731225A58F800D0EBE8 /* onTop.app */ = {isa = PBXFileReference; explicitFileType = wrapper.application; includeInIndex = 0; path = onTop.app; sourceTree = BUILT_PRODUCTS_DIR; };
		86ABD734225A58F800D0EBE8 /* AppDelegate.swift */ = {isa = PBXFileReference; lastKnownFileType = sourcecode.swift; path = AppDelegate.swift; sourceTree = "<group>"; };
		86ABD739225A58F800D0EBE8 /* Base */ = {isa = PBXFileReference; lastKnownFileType = file.storyboard; name = Base; path = Base.lproj/Main.storyboard; sourceTree = "<group>"; };
		86ABD73B225A58FB00D0EBE8 /* Assets.xcassets */ = {isa = PBXFileReference; lastKnownFileType = folder.assetcatalog; path = Assets.xcassets; sourceTree = "<group>"; };
		86ABD73E225A58FB00D0EBE8 /* Base */ = {isa = PBXFileReference; lastKnownFileType = file.storyboard; name = Base; path = Base.lproj/LaunchScreen.storyboard; sourceTree = "<group>"; };
		86ABD740225A58FB00D0EBE8 /* Info.plist */ = {isa = PBXFileReference; lastKnownFileType = text.plist.xml; path = Info.plist; sourceTree = "<group>"; };
		86ABD747225A5C8500D0EBE8 /* StoryboardViewController.swift */ = {isa = PBXFileReference; lastKnownFileType = sourcecode.swift; path = StoryboardViewController.swift; sourceTree = "<group>"; };
		86ABD749225A5CC000D0EBE8 /* UIStoryboard+AppStoryboards.swift */ = {isa = PBXFileReference; lastKnownFileType = sourcecode.swift; path = "UIStoryboard+AppStoryboards.swift"; sourceTree = "<group>"; };
		86ABD74E225A5D2700D0EBE8 /* Coordinator.swift */ = {isa = PBXFileReference; lastKnownFileType = sourcecode.swift; path = Coordinator.swift; sourceTree = "<group>"; };
		86ABD750225A5D4D00D0EBE8 /* AppCoordinator.swift */ = {isa = PBXFileReference; lastKnownFileType = sourcecode.swift; path = AppCoordinator.swift; sourceTree = "<group>"; };
		86ABD758225A72CC00D0EBE8 /* UIColor+Hex.swift */ = {isa = PBXFileReference; lastKnownFileType = sourcecode.swift; path = "UIColor+Hex.swift"; sourceTree = "<group>"; };
		86ABD75A225A739900D0EBE8 /* UIColor+CustomColors.swift */ = {isa = PBXFileReference; lastKnownFileType = sourcecode.swift; path = "UIColor+CustomColors.swift"; sourceTree = "<group>"; };
		86E9A3F822CBFCFF00636C82 /* OrganisationsRemoteServiceReal.swift */ = {isa = PBXFileReference; lastKnownFileType = sourcecode.swift; path = OrganisationsRemoteServiceReal.swift; sourceTree = "<group>"; };
		86E9A3FB22CC0A0300636C82 /* SubscriptionServiec.swift */ = {isa = PBXFileReference; lastKnownFileType = sourcecode.swift; path = SubscriptionServiec.swift; sourceTree = "<group>"; };
		86E9A3FD22CC0A3B00636C82 /* SubscriptionRemoteService.swift */ = {isa = PBXFileReference; lastKnownFileType = sourcecode.swift; path = SubscriptionRemoteService.swift; sourceTree = "<group>"; };
		86E9A3FF22CC0B5900636C82 /* SubscriptionRemoteServiceMock.swift */ = {isa = PBXFileReference; lastKnownFileType = sourcecode.swift; path = SubscriptionRemoteServiceMock.swift; sourceTree = "<group>"; };
		86E9A40122CC0B6400636C82 /* SubscriptionRemoteServiceReal.swift */ = {isa = PBXFileReference; lastKnownFileType = sourcecode.swift; path = SubscriptionRemoteServiceReal.swift; sourceTree = "<group>"; };
		86E9A40322CC145900636C82 /* SubscriptionService+SubscriptionError.swift */ = {isa = PBXFileReference; lastKnownFileType = sourcecode.swift; path = "SubscriptionService+SubscriptionError.swift"; sourceTree = "<group>"; };
		86E9A40722CD5EA600636C82 /* ImageViewForReusableCells.swift */ = {isa = PBXFileReference; lastKnownFileType = sourcecode.swift; path = ImageViewForReusableCells.swift; sourceTree = "<group>"; };
		86E9A40922CDFA9900636C82 /* CommentsRemoteServiceReal.swift */ = {isa = PBXFileReference; lastKnownFileType = sourcecode.swift; path = CommentsRemoteServiceReal.swift; sourceTree = "<group>"; };
		86E9A40B22CDFCD700636C82 /* CommentsService+CommentsError.swift */ = {isa = PBXFileReference; lastKnownFileType = sourcecode.swift; path = "CommentsService+CommentsError.swift"; sourceTree = "<group>"; };
		86E9A40D22CE07FF00636C82 /* ChatTabTableVC.swift */ = {isa = PBXFileReference; lastKnownFileType = sourcecode.swift; path = ChatTabTableVC.swift; sourceTree = "<group>"; };
		86E9A40F22CE085F00636C82 /* ChatTabTableCoordinator.swift */ = {isa = PBXFileReference; lastKnownFileType = sourcecode.swift; path = ChatTabTableCoordinator.swift; sourceTree = "<group>"; };
		86E9A41222CE099700636C82 /* ChatService.swift */ = {isa = PBXFileReference; lastKnownFileType = sourcecode.swift; path = ChatService.swift; sourceTree = "<group>"; };
		86E9A41422CE09F000636C82 /* Chat.swift */ = {isa = PBXFileReference; lastKnownFileType = sourcecode.swift; path = Chat.swift; sourceTree = "<group>"; };
		86E9A41622CE0A3000636C82 /* Message.swift */ = {isa = PBXFileReference; lastKnownFileType = sourcecode.swift; path = Message.swift; sourceTree = "<group>"; };
		86E9A41822CE23FE00636C82 /* SettingsUnsubscribeVC.swift */ = {isa = PBXFileReference; lastKnownFileType = sourcecode.swift; path = SettingsUnsubscribeVC.swift; sourceTree = "<group>"; };
		86E9A41C22CE25FF00636C82 /* SettingsUnsubscrileCoordinator.swift */ = {isa = PBXFileReference; lastKnownFileType = sourcecode.swift; path = SettingsUnsubscrileCoordinator.swift; sourceTree = "<group>"; };
		86E9A41E22CE330800636C82 /* ChangeEmailVC.swift */ = {isa = PBXFileReference; lastKnownFileType = sourcecode.swift; path = ChangeEmailVC.swift; sourceTree = "<group>"; };
		86E9A42022CE331D00636C82 /* ChangePasswordVC.swift */ = {isa = PBXFileReference; lastKnownFileType = sourcecode.swift; path = ChangePasswordVC.swift; sourceTree = "<group>"; };
		86E9A42222CE346C00636C82 /* ChangeEmailCoordinator.swift */ = {isa = PBXFileReference; lastKnownFileType = sourcecode.swift; path = ChangeEmailCoordinator.swift; sourceTree = "<group>"; };
		86E9A42422CE348200636C82 /* ChangePasswordCoordinator.swift */ = {isa = PBXFileReference; lastKnownFileType = sourcecode.swift; path = ChangePasswordCoordinator.swift; sourceTree = "<group>"; };
		86EA31B7225B3013004F7DCA /* ServiceProvider.swift */ = {isa = PBXFileReference; lastKnownFileType = sourcecode.swift; path = ServiceProvider.swift; sourceTree = "<group>"; };
		86EA31C1225B336B004F7DCA /* LoginDetails.swift */ = {isa = PBXFileReference; lastKnownFileType = sourcecode.swift; path = LoginDetails.swift; sourceTree = "<group>"; };
		86EA31C5225B8ADF004F7DCA /* ServiceFactory.swift */ = {isa = PBXFileReference; lastKnownFileType = sourcecode.swift; path = ServiceFactory.swift; sourceTree = "<group>"; };
		86EA31C9225B8B39004F7DCA /* ServiceMockFactory.swift */ = {isa = PBXFileReference; lastKnownFileType = sourcecode.swift; path = ServiceMockFactory.swift; sourceTree = "<group>"; };
		86EA31CD226509FF004F7DCA /* UIViewController+ErrorHandling.swift */ = {isa = PBXFileReference; lastKnownFileType = sourcecode.swift; path = "UIViewController+ErrorHandling.swift"; sourceTree = "<group>"; };
		86EA31D122650B60004F7DCA /* RegisterDetails.swift */ = {isa = PBXFileReference; lastKnownFileType = sourcecode.swift; path = RegisterDetails.swift; sourceTree = "<group>"; };
		86EE68BC22BC3E3000769B26 /* UltravisualLayout.swift */ = {isa = PBXFileReference; fileEncoding = 4; lastKnownFileType = sourcecode.swift; path = UltravisualLayout.swift; sourceTree = "<group>"; };
		86EE68C022BE68DA00769B26 /* SearchOrganisationTabVC.swift */ = {isa = PBXFileReference; lastKnownFileType = sourcecode.swift; path = SearchOrganisationTabVC.swift; sourceTree = "<group>"; };
		86EE68C422BE69D500769B26 /* SettingsTabVC.swift */ = {isa = PBXFileReference; lastKnownFileType = sourcecode.swift; path = SettingsTabVC.swift; sourceTree = "<group>"; };
		86EE68C722BE6A7600769B26 /* SearchOrganisationTabCoordinator.swift */ = {isa = PBXFileReference; lastKnownFileType = sourcecode.swift; path = SearchOrganisationTabCoordinator.swift; sourceTree = "<group>"; };
		86EE68CB22BE6B6500769B26 /* SettingsTabCoordinator.swift */ = {isa = PBXFileReference; lastKnownFileType = sourcecode.swift; path = SettingsTabCoordinator.swift; sourceTree = "<group>"; };
		D8D9F997ABB922F3B79BD0A4 /* Pods-onTop.debug.xcconfig */ = {isa = PBXFileReference; includeInIndex = 1; lastKnownFileType = text.xcconfig; name = "Pods-onTop.debug.xcconfig"; path = "Pods/Target Support Files/Pods-onTop/Pods-onTop.debug.xcconfig"; sourceTree = "<group>"; };
/* End PBXFileReference section */

/* Begin PBXFrameworksBuildPhase section */
		86ABD72E225A58F800D0EBE8 /* Frameworks */ = {
			isa = PBXFrameworksBuildPhase;
			buildActionMask = 2147483647;
			files = (
				263D1C52B13253A352ABF151 /* Pods_onTop.framework in Frameworks */,
			);
			runOnlyForDeploymentPostprocessing = 0;
		};
/* End PBXFrameworksBuildPhase section */

/* Begin PBXGroup section */
		447906EEA30B462BFF73FA0C /* Pods */ = {
			isa = PBXGroup;
			children = (
				D8D9F997ABB922F3B79BD0A4 /* Pods-onTop.debug.xcconfig */,
				34E062F6C6D02453A7E65FC6 /* Pods-onTop.release.xcconfig */,
			);
			name = Pods;
			sourceTree = "<group>";
		};
		865C4EEC22BE852900629F82 /* OrganisationsService */ = {
			isa = PBXGroup;
			children = (
				865C4EED22BE854900629F82 /* OrganisationsService.swift */,
				865C4EEF22BE858000629F82 /* OrganisationsRemoteService.swift */,
				865C4EF122BE861900629F82 /* OrganisationsRemoteServiceMock.swift */,
				86E9A3F822CBFCFF00636C82 /* OrganisationsRemoteServiceReal.swift */,
			);
			path = OrganisationsService;
			sourceTree = "<group>";
		};
		865C4EFE22BFB7AD00629F82 /* Comments */ = {
			isa = PBXGroup;
			children = (
				865C4EFF22BFB7BF00629F82 /* CommentsService.swift */,
				865C4F0122BFB7E200629F82 /* CommentsRemoteService.swift */,
				865C4F0322BFB93600629F82 /* CommentsRemoteServiceMock.swift */,
				86E9A40922CDFA9900636C82 /* CommentsRemoteServiceReal.swift */,
				86E9A40B22CDFCD700636C82 /* CommentsService+CommentsError.swift */,
			);
			path = Comments;
			sourceTree = "<group>";
		};
		865C4F0922BFBE1900629F82 /* TableViewCells */ = {
			isa = PBXGroup;
			children = (
				865C4F0A22BFBE5E00629F82 /* CommentTableViewCell.swift */,
				865C4F1522C023EF00629F82 /* SubscribeTableViewCell.swift */,
				865C4F1F22C054F900629F82 /* MessageTableViewCell.swift */,
			);
			path = TableViewCells;
			sourceTree = "<group>";
		};
		8668560525C858EC0062165F /* PhoneVerification */ = {
			isa = PBXGroup;
			children = (
				8668560625C858FA0062165F /* CodeInputView.swift */,
				8668560A25C8591A0062165F /* RoPhoneNumberTextField.swift */,
			);
			path = PhoneVerification;
			sourceTree = "<group>";
		};
		8668561925C85D2C0062165F /* PhoneService */ = {
			isa = PBXGroup;
			children = (
				8668561A25C85D3B0062165F /* PhoneService.swift */,
				8668561E25C85D4F0062165F /* PhoneRemoteService.swift */,
				8668562125C85D630062165F /* PhoneRemoteServiceReal.swift */,
				8668562425C85D730062165F /* PhoneRemoteServiceMock.swift */,
			);
			path = PhoneService;
			sourceTree = "<group>";
		};
		8668562825C85DD00062165F /* Auth ViewControllers */ = {
			isa = PBXGroup;
			children = (
				8668560125C858B00062165F /* PhoneVerificationViewController.swift */,
				8668562925C85DDF0062165F /* SmsValidationViewController.swift */,
				8668562D25C860B10062165F /* RegistrationViewController.swift */,
			);
			path = "Auth ViewControllers";
			sourceTree = "<group>";
		};
		8668563725C862420062165F /* API */ = {
			isa = PBXGroup;
			children = (
				8668563825C8624C0062165F /* ApiConstants.swift */,
				8668564C25C8B2190062165F /* RequestInterceptor.swift */,
			);
			path = API;
			sourceTree = "<group>";
		};
		8668563D25C866600062165F /* AuthService */ = {
			isa = PBXGroup;
			children = (
				8668563E25C8666F0062165F /* AuthService.swift */,
				8668564225C866A20062165F /* AuthRemoteService.swift */,
				8668564525C866E70062165F /* AuthRemoteServiceReal.swift */,
				8668564825C867160062165F /* AuthRemoteServiceMock.swift */,
			);
			path = AuthService;
			sourceTree = "<group>";
		};
		867EDB2A22ADAFAA00806528 /* TabViewControllers */ = {
			isa = PBXGroup;
			children = (
				867EDB2B22ADAFC200806528 /* AnnouncementsTabVC.swift */,
				86EE68C022BE68DA00769B26 /* SearchOrganisationTabVC.swift */,
				86E9A40D22CE07FF00636C82 /* ChatTabTableVC.swift */,
				86EE68C422BE69D500769B26 /* SettingsTabVC.swift */,
			);
			path = TabViewControllers;
			sourceTree = "<group>";
		};
		867EDB2D22ADB90700806528 /* Views */ = {
			isa = PBXGroup;
			children = (
				8668560525C858EC0062165F /* PhoneVerification */,
				865C4F0922BFBE1900629F82 /* TableViewCells */,
				86EE68BB22BC3D4900769B26 /* CollectionViewLayout */,
				867EDB3222ADBA5100806528 /* NibViewBase */,
				867EDB3722ADC26100806528 /* NewsHeadline */,
				865C4F2122C05DB700629F82 /* PaddingLabel.swift */,
				86E9A40722CD5EA600636C82 /* ImageViewForReusableCells.swift */,
			);
			path = Views;
			sourceTree = "<group>";
		};
		867EDB3222ADBA5100806528 /* NibViewBase */ = {
			isa = PBXGroup;
			children = (
				867EDB3322ADBA7600806528 /* NibView.swift */,
				867EDB3522ADBAA900806528 /* IBView.swift */,
			);
			path = NibViewBase;
			sourceTree = "<group>";
		};
		867EDB3722ADC26100806528 /* NewsHeadline */ = {
			isa = PBXGroup;
			children = (
				867EDB2E22ADB9F000806528 /* AnnouncementHeadline.swift */,
				867EDB3022ADBA0C00806528 /* AnnouncementHeadline.xib */,
				867EDB3822ADC28500806528 /* AnnouncementHeadlineCollectionViewCell.swift */,
			);
			path = NewsHeadline;
			sourceTree = "<group>";
		};
		867EDB3A22ADC3A100806528 /* ViewModel */ = {
			isa = PBXGroup;
			children = (
				867EDB4622ADC9E000806528 /* AnnouncementsTabVM.swift */,
				865C4EF322BE89D600629F82 /* OrganisationsVM.swift */,
				865C4EF922BF95D300629F82 /* AnnouncementVM.swift */,
				865C4F0722BFBD9900629F82 /* CommentsVM.swift */,
				865C4F1322C020A100629F82 /* OrganisationVM.swift */,
			);
			path = ViewModel;
			sourceTree = "<group>";
		};
		867EDB3B22ADC3E600806528 /* AnnouncementsService */ = {
			isa = PBXGroup;
			children = (
				867EDB3C22ADC40700806528 /* AnnouncementsService.swift */,
				867EDB3E22ADC57300806528 /* AnnouncementsRemoteService.swift */,
				867EDB4022ADC5BA00806528 /* AnnouncementsRemoteServiceReal.swift */,
				867EDB4222ADC5C900806528 /* AnnouncementsRemoteServiceMock.swift */,
			);
			path = AnnouncementsService;
			sourceTree = "<group>";
		};
		86ABD728225A58F800D0EBE8 = {
			isa = PBXGroup;
			children = (
				86ABD733225A58F800D0EBE8 /* onTop */,
				86ABD732225A58F800D0EBE8 /* Products */,
				447906EEA30B462BFF73FA0C /* Pods */,
				F188489B43FF038B52295623 /* Frameworks */,
			);
			sourceTree = "<group>";
		};
		86ABD732225A58F800D0EBE8 /* Products */ = {
			isa = PBXGroup;
			children = (
				86ABD731225A58F800D0EBE8 /* onTop.app */,
			);
			name = Products;
			sourceTree = "<group>";
		};
		86ABD733225A58F800D0EBE8 /* onTop */ = {
			isa = PBXGroup;
			children = (
				8668563725C862420062165F /* API */,
				86EA31C0225B3348004F7DCA /* Model */,
				867EDB3A22ADC3A100806528 /* ViewModel */,
				867EDB2D22ADB90700806528 /* Views */,
				86ABD754225A5DFB00D0EBE8 /* ViewControllers */,
				86ABD74D225A5D1100D0EBE8 /* Coordinators */,
				86EA31B5225B2FD9004F7DCA /* Business Logic */,
				86ABD746225A5C5B00D0EBE8 /* Storyboard */,
				86ABD757225A72AB00D0EBE8 /* Utils */,
				86ABD734225A58F800D0EBE8 /* AppDelegate.swift */,
				86ABD73B225A58FB00D0EBE8 /* Assets.xcassets */,
				86ABD73D225A58FB00D0EBE8 /* LaunchScreen.storyboard */,
				86ABD740225A58FB00D0EBE8 /* Info.plist */,
				866855C325C852E00062165F /* GoogleService-Info.plist */,
			);
			path = onTop;
			sourceTree = "<group>";
		};
		86ABD746225A5C5B00D0EBE8 /* Storyboard */ = {
			isa = PBXGroup;
			children = (
				86ABD738225A58F800D0EBE8 /* Main.storyboard */,
				8668561225C859E10062165F /* Auth.storyboard */,
				86ABD747225A5C8500D0EBE8 /* StoryboardViewController.swift */,
				86ABD749225A5CC000D0EBE8 /* UIStoryboard+AppStoryboards.swift */,
			);
			path = Storyboard;
			sourceTree = "<group>";
		};
		86ABD74D225A5D1100D0EBE8 /* Coordinators */ = {
			isa = PBXGroup;
			children = (
				86ABD74E225A5D2700D0EBE8 /* Coordinator.swift */,
				86ABD750225A5D4D00D0EBE8 /* AppCoordinator.swift */,
				866855FE25C8585C0062165F /* PhoneVerificationCoordinator.swift */,
				8668561625C85CED0062165F /* SmsValidationCoordinator.swift */,
				8668563325C8619C0062165F /* RegistrationCoordinator.swift */,
				867EDB2422ADA64E00806528 /* TabBarCoordinator.swift */,
				86EE68C622BE6A4700769B26 /* TabBarCoordinators */,
				865C4EF722BF788100629F82 /* AnnouncementCoordinator.swift */,
				865C4F0C22C016BC00629F82 /* MainAppCoordinator.swift */,
				865C4F1922C0494600629F82 /* InitiateConversationCoordinator.swift */,
				865C4F1B22C0504600629F82 /* ConversationCoordinator.swift */,
				86E9A41B22CE25DA00636C82 /* SettingsCoordinators */,
			);
			path = Coordinators;
			sourceTree = "<group>";
		};
		86ABD754225A5DFB00D0EBE8 /* ViewControllers */ = {
			isa = PBXGroup;
			children = (
				8668562825C85DD00062165F /* Auth ViewControllers */,
				86EA31CC226509F4004F7DCA /* Extensions */,
				867EDB2622ADA6B900806528 /* TabBarVC.swift */,
				867EDB2A22ADAFAA00806528 /* TabViewControllers */,
				865C4EF522BF75EB00629F82 /* AnnouncementVC.swift */,
				865C4F0E22C0170100629F82 /* FirstLoginVC.swift */,
				865C4F1722C046E500629F82 /* InitiateConversationVC.swift */,
				865C4F1D22C0515400629F82 /* ConversationVC.swift */,
				86E9A41A22CE241100636C82 /* SettingsControllers */,
			);
			path = ViewControllers;
			sourceTree = "<group>";
		};
		86ABD757225A72AB00D0EBE8 /* Utils */ = {
			isa = PBXGroup;
			children = (
				86ABD758225A72CC00D0EBE8 /* UIColor+Hex.swift */,
				86ABD75A225A739900D0EBE8 /* UIColor+CustomColors.swift */,
			);
			path = Utils;
			sourceTree = "<group>";
		};
		86E9A3FA22CC09DF00636C82 /* SubscriptionService */ = {
			isa = PBXGroup;
			children = (
				86E9A3FB22CC0A0300636C82 /* SubscriptionServiec.swift */,
				86E9A3FD22CC0A3B00636C82 /* SubscriptionRemoteService.swift */,
				86E9A3FF22CC0B5900636C82 /* SubscriptionRemoteServiceMock.swift */,
				86E9A40122CC0B6400636C82 /* SubscriptionRemoteServiceReal.swift */,
				86E9A40322CC145900636C82 /* SubscriptionService+SubscriptionError.swift */,
			);
			path = SubscriptionService;
			sourceTree = "<group>";
		};
		86E9A41122CE097200636C82 /* ChatService */ = {
			isa = PBXGroup;
			children = (
				86E9A41222CE099700636C82 /* ChatService.swift */,
			);
			path = ChatService;
			sourceTree = "<group>";
		};
		86E9A41A22CE241100636C82 /* SettingsControllers */ = {
			isa = PBXGroup;
			children = (
				86E9A41822CE23FE00636C82 /* SettingsUnsubscribeVC.swift */,
				86E9A41E22CE330800636C82 /* ChangeEmailVC.swift */,
				86E9A42022CE331D00636C82 /* ChangePasswordVC.swift */,
			);
			path = SettingsControllers;
			sourceTree = "<group>";
		};
		86E9A41B22CE25DA00636C82 /* SettingsCoordinators */ = {
			isa = PBXGroup;
			children = (
				86E9A41C22CE25FF00636C82 /* SettingsUnsubscrileCoordinator.swift */,
				86E9A42222CE346C00636C82 /* ChangeEmailCoordinator.swift */,
				86E9A42422CE348200636C82 /* ChangePasswordCoordinator.swift */,
			);
			path = SettingsCoordinators;
			sourceTree = "<group>";
		};
		86EA31B5225B2FD9004F7DCA /* Business Logic */ = {
			isa = PBXGroup;
			children = (
				8668563D25C866600062165F /* AuthService */,
				8668561925C85D2C0062165F /* PhoneService */,
				86E9A41122CE097200636C82 /* ChatService */,
				867EDB3B22ADC3E600806528 /* AnnouncementsService */,
				865C4EEC22BE852900629F82 /* OrganisationsService */,
				865C4EFE22BFB7AD00629F82 /* Comments */,
				86E9A3FA22CC09DF00636C82 /* SubscriptionService */,
				86EA31B6225B2FFF004F7DCA /* Service */,
			);
			path = "Business Logic";
			sourceTree = "<group>";
		};
		86EA31B6225B2FFF004F7DCA /* Service */ = {
			isa = PBXGroup;
			children = (
				86EA31B7225B3013004F7DCA /* ServiceProvider.swift */,
				86EA31C5225B8ADF004F7DCA /* ServiceFactory.swift */,
				86EA31C9225B8B39004F7DCA /* ServiceMockFactory.swift */,
			);
			path = Service;
			sourceTree = "<group>";
		};
		86EA31C0225B3348004F7DCA /* Model */ = {
			isa = PBXGroup;
			children = (
				86EA31C1225B336B004F7DCA /* LoginDetails.swift */,
				86EA31D122650B60004F7DCA /* RegisterDetails.swift */,
				867EDB4422ADC62200806528 /* Announcement.swift */,
				865C4F0522BFB98500629F82 /* Comment.swift */,
				865C4F1022C01ED900629F82 /* Organisation.swift */,
				86E9A41422CE09F000636C82 /* Chat.swift */,
				86E9A41622CE0A3000636C82 /* Message.swift */,
				8668563025C8610B0062165F /* UserInfo.swift */,
			);
			path = Model;
			sourceTree = "<group>";
		};
		86EA31CC226509F4004F7DCA /* Extensions */ = {
			isa = PBXGroup;
			children = (
				86EA31CD226509FF004F7DCA /* UIViewController+ErrorHandling.swift */,
			);
			path = Extensions;
			sourceTree = "<group>";
		};
		86EE68BB22BC3D4900769B26 /* CollectionViewLayout */ = {
			isa = PBXGroup;
			children = (
				86EE68BC22BC3E3000769B26 /* UltravisualLayout.swift */,
			);
			path = CollectionViewLayout;
			sourceTree = "<group>";
		};
		86EE68C622BE6A4700769B26 /* TabBarCoordinators */ = {
			isa = PBXGroup;
			children = (
				867EDB2822ADAB0F00806528 /* AnnouncementsTabCoordinator.swift */,
				86EE68C722BE6A7600769B26 /* SearchOrganisationTabCoordinator.swift */,
				86E9A40F22CE085F00636C82 /* ChatTabTableCoordinator.swift */,
				86EE68CB22BE6B6500769B26 /* SettingsTabCoordinator.swift */,
			);
			path = TabBarCoordinators;
			sourceTree = "<group>";
		};
		F188489B43FF038B52295623 /* Frameworks */ = {
			isa = PBXGroup;
			children = (
				4EF52C2633A43F82790948DB /* Pods_onTop.framework */,
			);
			name = Frameworks;
			sourceTree = "<group>";
		};
/* End PBXGroup section */

/* Begin PBXNativeTarget section */
		86ABD730225A58F800D0EBE8 /* onTop */ = {
			isa = PBXNativeTarget;
			buildConfigurationList = 86ABD743225A58FB00D0EBE8 /* Build configuration list for PBXNativeTarget "onTop" */;
			buildPhases = (
				14635DBB65BA79E43CADD967 /* [CP] Check Pods Manifest.lock */,
				86ABD72D225A58F800D0EBE8 /* Sources */,
				86ABD72E225A58F800D0EBE8 /* Frameworks */,
				86ABD72F225A58F800D0EBE8 /* Resources */,
				6FA0CA9DC100C92EDEDBB8E2 /* [CP] Embed Pods Frameworks */,
			);
			buildRules = (
			);
			dependencies = (
			);
			name = onTop;
			productName = onTop;
			productReference = 86ABD731225A58F800D0EBE8 /* onTop.app */;
			productType = "com.apple.product-type.application";
		};
/* End PBXNativeTarget section */

/* Begin PBXProject section */
		86ABD729225A58F800D0EBE8 /* Project object */ = {
			isa = PBXProject;
			attributes = {
				LastSwiftUpdateCheck = 1020;
				LastUpgradeCheck = 1230;
				ORGANIZATIONNAME = "Alexandru Vrincean";
				TargetAttributes = {
					86ABD730225A58F800D0EBE8 = {
						CreatedOnToolsVersion = 10.2;
					};
				};
			};
			buildConfigurationList = 86ABD72C225A58F800D0EBE8 /* Build configuration list for PBXProject "onTop" */;
			compatibilityVersion = "Xcode 9.3";
			developmentRegion = en;
			hasScannedForEncodings = 0;
			knownRegions = (
				en,
				Base,
			);
			mainGroup = 86ABD728225A58F800D0EBE8;
			productRefGroup = 86ABD732225A58F800D0EBE8 /* Products */;
			projectDirPath = "";
			projectRoot = "";
			targets = (
				86ABD730225A58F800D0EBE8 /* onTop */,
			);
		};
/* End PBXProject section */

/* Begin PBXResourcesBuildPhase section */
		86ABD72F225A58F800D0EBE8 /* Resources */ = {
			isa = PBXResourcesBuildPhase;
			buildActionMask = 2147483647;
			files = (
				8668561325C859E10062165F /* Auth.storyboard in Resources */,
				867EDB3122ADBA0C00806528 /* AnnouncementHeadline.xib in Resources */,
				86ABD73F225A58FB00D0EBE8 /* LaunchScreen.storyboard in Resources */,
				866855C425C852E00062165F /* GoogleService-Info.plist in Resources */,
				86ABD73C225A58FB00D0EBE8 /* Assets.xcassets in Resources */,
				86ABD73A225A58F800D0EBE8 /* Main.storyboard in Resources */,
			);
			runOnlyForDeploymentPostprocessing = 0;
		};
/* End PBXResourcesBuildPhase section */

/* Begin PBXShellScriptBuildPhase section */
		14635DBB65BA79E43CADD967 /* [CP] Check Pods Manifest.lock */ = {
			isa = PBXShellScriptBuildPhase;
			buildActionMask = 2147483647;
			files = (
			);
			inputFileListPaths = (
			);
			inputPaths = (
				"${PODS_PODFILE_DIR_PATH}/Podfile.lock",
				"${PODS_ROOT}/Manifest.lock",
			);
			name = "[CP] Check Pods Manifest.lock";
			outputFileListPaths = (
			);
			outputPaths = (
				"$(DERIVED_FILE_DIR)/Pods-onTop-checkManifestLockResult.txt",
			);
			runOnlyForDeploymentPostprocessing = 0;
			shellPath = /bin/sh;
			shellScript = "diff \"${PODS_PODFILE_DIR_PATH}/Podfile.lock\" \"${PODS_ROOT}/Manifest.lock\" > /dev/null\nif [ $? != 0 ] ; then\n    # print error to STDERR\n    echo \"error: The sandbox is not in sync with the Podfile.lock. Run 'pod install' or update your CocoaPods installation.\" >&2\n    exit 1\nfi\n# This output is used by Xcode 'outputs' to avoid re-running this script phase.\necho \"SUCCESS\" > \"${SCRIPT_OUTPUT_FILE_0}\"\n";
			showEnvVarsInLog = 0;
		};
		6FA0CA9DC100C92EDEDBB8E2 /* [CP] Embed Pods Frameworks */ = {
			isa = PBXShellScriptBuildPhase;
			buildActionMask = 2147483647;
			files = (
			);
			inputFileListPaths = (
				"${PODS_ROOT}/Target Support Files/Pods-onTop/Pods-onTop-frameworks-${CONFIGURATION}-input-files.xcfilelist",
			);
			name = "[CP] Embed Pods Frameworks";
			outputFileListPaths = (
				"${PODS_ROOT}/Target Support Files/Pods-onTop/Pods-onTop-frameworks-${CONFIGURATION}-output-files.xcfilelist",
			);
			runOnlyForDeploymentPostprocessing = 0;
			shellPath = /bin/sh;
			shellScript = "\"${PODS_ROOT}/Target Support Files/Pods-onTop/Pods-onTop-frameworks.sh\"\n";
			showEnvVarsInLog = 0;
		};
/* End PBXShellScriptBuildPhase section */

/* Begin PBXSourcesBuildPhase section */
		86ABD72D225A58F800D0EBE8 /* Sources */ = {
			isa = PBXSourcesBuildPhase;
			buildActionMask = 2147483647;
			files = (
				867EDB3D22ADC40700806528 /* AnnouncementsService.swift in Sources */,
				865C4EF422BE89D600629F82 /* OrganisationsVM.swift in Sources */,
				865C4EF622BF75EB00629F82 /* AnnouncementVC.swift in Sources */,
				8668562225C85D630062165F /* PhoneRemoteServiceReal.swift in Sources */,
				867EDB3622ADBAA900806528 /* IBView.swift in Sources */,
				865C4F1A22C0494600629F82 /* InitiateConversationCoordinator.swift in Sources */,
				86ABD751225A5D4D00D0EBE8 /* AppCoordinator.swift in Sources */,
				865C4F0F22C0170100629F82 /* FirstLoginVC.swift in Sources */,
				86E9A42522CE348200636C82 /* ChangePasswordCoordinator.swift in Sources */,
				8668564925C867160062165F /* AuthRemoteServiceMock.swift in Sources */,
				8668561F25C85D4F0062165F /* PhoneRemoteService.swift in Sources */,
				867EDB4522ADC62200806528 /* Announcement.swift in Sources */,
				86E9A41922CE23FE00636C82 /* SettingsUnsubscribeVC.swift in Sources */,
				867EDB2C22ADAFC200806528 /* AnnouncementsTabVC.swift in Sources */,
				86ABD759225A72CC00D0EBE8 /* UIColor+Hex.swift in Sources */,
				865C4EF022BE858000629F82 /* OrganisationsRemoteService.swift in Sources */,
				86EE68BD22BC3E3000769B26 /* UltravisualLayout.swift in Sources */,
				865C4F0422BFB93600629F82 /* CommentsRemoteServiceMock.swift in Sources */,
				86E9A3FE22CC0A3B00636C82 /* SubscriptionRemoteService.swift in Sources */,
				867EDB3F22ADC57300806528 /* AnnouncementsRemoteService.swift in Sources */,
				8668563125C8610B0062165F /* UserInfo.swift in Sources */,
				865C4F0222BFB7E200629F82 /* CommentsRemoteService.swift in Sources */,
				86E9A40222CC0B6400636C82 /* SubscriptionRemoteServiceReal.swift in Sources */,
				867EDB2522ADA64F00806528 /* TabBarCoordinator.swift in Sources */,
				865C4F2222C05DB700629F82 /* PaddingLabel.swift in Sources */,
				8668563F25C8666F0062165F /* AuthService.swift in Sources */,
				86E9A41022CE085F00636C82 /* ChatTabTableCoordinator.swift in Sources */,
				865C4F1822C046E500629F82 /* InitiateConversationVC.swift in Sources */,
				867EDB3922ADC28500806528 /* AnnouncementHeadlineCollectionViewCell.swift in Sources */,
				8668561725C85CED0062165F /* SmsValidationCoordinator.swift in Sources */,
				867EDB2922ADAB0F00806528 /* AnnouncementsTabCoordinator.swift in Sources */,
				865C4F0B22BFBE5E00629F82 /* CommentTableViewCell.swift in Sources */,
				86EA31CA225B8B39004F7DCA /* ServiceMockFactory.swift in Sources */,
				86E9A40422CC145900636C82 /* SubscriptionService+SubscriptionError.swift in Sources */,
				86E9A42122CE331D00636C82 /* ChangePasswordVC.swift in Sources */,
				865C4EEE22BE854900629F82 /* OrganisationsService.swift in Sources */,
				86E9A41722CE0A3000636C82 /* Message.swift in Sources */,
				8668562A25C85DDF0062165F /* SmsValidationViewController.swift in Sources */,
				867EDB4122ADC5BA00806528 /* AnnouncementsRemoteServiceReal.swift in Sources */,
				865C4F2022C054F900629F82 /* MessageTableViewCell.swift in Sources */,
				86EA31D222650B60004F7DCA /* RegisterDetails.swift in Sources */,
				865C4EF822BF788100629F82 /* AnnouncementCoordinator.swift in Sources */,
				86E9A40822CD5EA600636C82 /* ImageViewForReusableCells.swift in Sources */,
				86EE68C822BE6A7600769B26 /* SearchOrganisationTabCoordinator.swift in Sources */,
				86EE68CC22BE6B6500769B26 /* SettingsTabCoordinator.swift in Sources */,
				86ABD75B225A739900D0EBE8 /* UIColor+CustomColors.swift in Sources */,
				86ABD74A225A5CC000D0EBE8 /* UIStoryboard+AppStoryboards.swift in Sources */,
				86E9A40C22CDFCD700636C82 /* CommentsService+CommentsError.swift in Sources */,
				86EA31CE226509FF004F7DCA /* UIViewController+ErrorHandling.swift in Sources */,
				8668564D25C8B2190062165F /* RequestInterceptor.swift in Sources */,
				8668564325C866A20062165F /* AuthRemoteService.swift in Sources */,
				8668560225C858B10062165F /* PhoneVerificationViewController.swift in Sources */,
				86E9A40022CC0B5900636C82 /* SubscriptionRemoteServiceMock.swift in Sources */,
				865C4F0022BFB7BF00629F82 /* CommentsService.swift in Sources */,
				8668561B25C85D3B0062165F /* PhoneService.swift in Sources */,
				86EE68C522BE69D500769B26 /* SettingsTabVC.swift in Sources */,
				867EDB2F22ADB9F000806528 /* AnnouncementHeadline.swift in Sources */,
				86E9A3FC22CC0A0300636C82 /* SubscriptionServiec.swift in Sources */,
				865C4F1E22C0515400629F82 /* ConversationVC.swift in Sources */,
				86ABD74F225A5D2700D0EBE8 /* Coordinator.swift in Sources */,
				86E9A3F922CBFCFF00636C82 /* OrganisationsRemoteServiceReal.swift in Sources */,
				8668562525C85D730062165F /* PhoneRemoteServiceMock.swift in Sources */,
				86ABD748225A5C8500D0EBE8 /* StoryboardViewController.swift in Sources */,
				86E9A41322CE099700636C82 /* ChatService.swift in Sources */,
				865C4F1422C020A100629F82 /* OrganisationVM.swift in Sources */,
				86EA31C2225B336B004F7DCA /* LoginDetails.swift in Sources */,
				865C4F0D22C016BC00629F82 /* MainAppCoordinator.swift in Sources */,
				8668560B25C8591A0062165F /* RoPhoneNumberTextField.swift in Sources */,
				867EDB2722ADA6B900806528 /* TabBarVC.swift in Sources */,
				86E9A40E22CE07FF00636C82 /* ChatTabTableVC.swift in Sources */,
				86ABD735225A58F800D0EBE8 /* AppDelegate.swift in Sources */,
				867EDB4722ADC9E000806528 /* AnnouncementsTabVM.swift in Sources */,
				867EDB4322ADC5C900806528 /* AnnouncementsRemoteServiceMock.swift in Sources */,
				86E9A41F22CE330800636C82 /* ChangeEmailVC.swift in Sources */,
				86E9A41522CE09F000636C82 /* Chat.swift in Sources */,
				865C4EF222BE861900629F82 /* OrganisationsRemoteServiceMock.swift in Sources */,
				86EA31C6225B8ADF004F7DCA /* ServiceFactory.swift in Sources */,
				86E9A42322CE346C00636C82 /* ChangeEmailCoordinator.swift in Sources */,
				86EE68C122BE68DA00769B26 /* SearchOrganisationTabVC.swift in Sources */,
				865C4F0622BFB98500629F82 /* Comment.swift in Sources */,
				86E9A41D22CE25FF00636C82 /* SettingsUnsubscrileCoordinator.swift in Sources */,
				86EA31B8225B3013004F7DCA /* ServiceProvider.swift in Sources */,
				865C4EFA22BF95D300629F82 /* AnnouncementVM.swift in Sources */,
				8668563925C8624C0062165F /* ApiConstants.swift in Sources */,
				86E9A40A22CDFA9900636C82 /* CommentsRemoteServiceReal.swift in Sources */,
				8668560725C858FA0062165F /* CodeInputView.swift in Sources */,
				865C4F0822BFBD9900629F82 /* CommentsVM.swift in Sources */,
				866855FF25C8585C0062165F /* PhoneVerificationCoordinator.swift in Sources */,
				867EDB3422ADBA7600806528 /* NibView.swift in Sources */,
				8668563425C8619C0062165F /* RegistrationCoordinator.swift in Sources */,
				8668562E25C860B20062165F /* RegistrationViewController.swift in Sources */,
				865C4F1622C023EF00629F82 /* SubscribeTableViewCell.swift in Sources */,
				8668564625C866E70062165F /* AuthRemoteServiceReal.swift in Sources */,
				865C4F1C22C0504600629F82 /* ConversationCoordinator.swift in Sources */,
				865C4F1122C01ED900629F82 /* Organisation.swift in Sources */,
			);
			runOnlyForDeploymentPostprocessing = 0;
		};
/* End PBXSourcesBuildPhase section */

/* Begin PBXVariantGroup section */
		86ABD738225A58F800D0EBE8 /* Main.storyboard */ = {
			isa = PBXVariantGroup;
			children = (
				86ABD739225A58F800D0EBE8 /* Base */,
			);
			name = Main.storyboard;
			sourceTree = "<group>";
		};
		86ABD73D225A58FB00D0EBE8 /* LaunchScreen.storyboard */ = {
			isa = PBXVariantGroup;
			children = (
				86ABD73E225A58FB00D0EBE8 /* Base */,
			);
			name = LaunchScreen.storyboard;
			sourceTree = "<group>";
		};
/* End PBXVariantGroup section */

/* Begin XCBuildConfiguration section */
		86ABD741225A58FB00D0EBE8 /* Debug */ = {
			isa = XCBuildConfiguration;
			buildSettings = {
				ALWAYS_SEARCH_USER_PATHS = NO;
				CLANG_ANALYZER_NONNULL = YES;
				CLANG_ANALYZER_NUMBER_OBJECT_CONVERSION = YES_AGGRESSIVE;
				CLANG_CXX_LANGUAGE_STANDARD = "gnu++14";
				CLANG_CXX_LIBRARY = "libc++";
				CLANG_ENABLE_MODULES = YES;
				CLANG_ENABLE_OBJC_ARC = YES;
				CLANG_ENABLE_OBJC_WEAK = YES;
				CLANG_WARN_BLOCK_CAPTURE_AUTORELEASING = YES;
				CLANG_WARN_BOOL_CONVERSION = YES;
				CLANG_WARN_COMMA = YES;
				CLANG_WARN_CONSTANT_CONVERSION = YES;
				CLANG_WARN_DEPRECATED_OBJC_IMPLEMENTATIONS = YES;
				CLANG_WARN_DIRECT_OBJC_ISA_USAGE = YES_ERROR;
				CLANG_WARN_DOCUMENTATION_COMMENTS = YES;
				CLANG_WARN_EMPTY_BODY = YES;
				CLANG_WARN_ENUM_CONVERSION = YES;
				CLANG_WARN_INFINITE_RECURSION = YES;
				CLANG_WARN_INT_CONVERSION = YES;
				CLANG_WARN_NON_LITERAL_NULL_CONVERSION = YES;
				CLANG_WARN_OBJC_IMPLICIT_RETAIN_SELF = YES;
				CLANG_WARN_OBJC_LITERAL_CONVERSION = YES;
				CLANG_WARN_OBJC_ROOT_CLASS = YES_ERROR;
				CLANG_WARN_QUOTED_INCLUDE_IN_FRAMEWORK_HEADER = YES;
				CLANG_WARN_RANGE_LOOP_ANALYSIS = YES;
				CLANG_WARN_STRICT_PROTOTYPES = YES;
				CLANG_WARN_SUSPICIOUS_MOVE = YES;
				CLANG_WARN_UNGUARDED_AVAILABILITY = YES_AGGRESSIVE;
				CLANG_WARN_UNREACHABLE_CODE = YES;
				CLANG_WARN__DUPLICATE_METHOD_MATCH = YES;
				CODE_SIGN_IDENTITY = "iPhone Developer";
				COPY_PHASE_STRIP = NO;
				DEBUG_INFORMATION_FORMAT = dwarf;
				ENABLE_STRICT_OBJC_MSGSEND = YES;
				ENABLE_TESTABILITY = YES;
				GCC_C_LANGUAGE_STANDARD = gnu11;
				GCC_DYNAMIC_NO_PIC = NO;
				GCC_NO_COMMON_BLOCKS = YES;
				GCC_OPTIMIZATION_LEVEL = 0;
				GCC_PREPROCESSOR_DEFINITIONS = (
					"DEBUG=1",
					"$(inherited)",
				);
				GCC_WARN_64_TO_32_BIT_CONVERSION = YES;
				GCC_WARN_ABOUT_RETURN_TYPE = YES_ERROR;
				GCC_WARN_UNDECLARED_SELECTOR = YES;
				GCC_WARN_UNINITIALIZED_AUTOS = YES_AGGRESSIVE;
				GCC_WARN_UNUSED_FUNCTION = YES;
				GCC_WARN_UNUSED_VARIABLE = YES;
				IPHONEOS_DEPLOYMENT_TARGET = 13.0;
				MTL_ENABLE_DEBUG_INFO = INCLUDE_SOURCE;
				MTL_FAST_MATH = YES;
				ONLY_ACTIVE_ARCH = YES;
				SDKROOT = iphoneos;
				SWIFT_ACTIVE_COMPILATION_CONDITIONS = DEBUG;
				SWIFT_OPTIMIZATION_LEVEL = "-Onone";
			};
			name = Debug;
		};
		86ABD742225A58FB00D0EBE8 /* Release */ = {
			isa = XCBuildConfiguration;
			buildSettings = {
				ALWAYS_SEARCH_USER_PATHS = NO;
				CLANG_ANALYZER_NONNULL = YES;
				CLANG_ANALYZER_NUMBER_OBJECT_CONVERSION = YES_AGGRESSIVE;
				CLANG_CXX_LANGUAGE_STANDARD = "gnu++14";
				CLANG_CXX_LIBRARY = "libc++";
				CLANG_ENABLE_MODULES = YES;
				CLANG_ENABLE_OBJC_ARC = YES;
				CLANG_ENABLE_OBJC_WEAK = YES;
				CLANG_WARN_BLOCK_CAPTURE_AUTORELEASING = YES;
				CLANG_WARN_BOOL_CONVERSION = YES;
				CLANG_WARN_COMMA = YES;
				CLANG_WARN_CONSTANT_CONVERSION = YES;
				CLANG_WARN_DEPRECATED_OBJC_IMPLEMENTATIONS = YES;
				CLANG_WARN_DIRECT_OBJC_ISA_USAGE = YES_ERROR;
				CLANG_WARN_DOCUMENTATION_COMMENTS = YES;
				CLANG_WARN_EMPTY_BODY = YES;
				CLANG_WARN_ENUM_CONVERSION = YES;
				CLANG_WARN_INFINITE_RECURSION = YES;
				CLANG_WARN_INT_CONVERSION = YES;
				CLANG_WARN_NON_LITERAL_NULL_CONVERSION = YES;
				CLANG_WARN_OBJC_IMPLICIT_RETAIN_SELF = YES;
				CLANG_WARN_OBJC_LITERAL_CONVERSION = YES;
				CLANG_WARN_OBJC_ROOT_CLASS = YES_ERROR;
				CLANG_WARN_QUOTED_INCLUDE_IN_FRAMEWORK_HEADER = YES;
				CLANG_WARN_RANGE_LOOP_ANALYSIS = YES;
				CLANG_WARN_STRICT_PROTOTYPES = YES;
				CLANG_WARN_SUSPICIOUS_MOVE = YES;
				CLANG_WARN_UNGUARDED_AVAILABILITY = YES_AGGRESSIVE;
				CLANG_WARN_UNREACHABLE_CODE = YES;
				CLANG_WARN__DUPLICATE_METHOD_MATCH = YES;
				CODE_SIGN_IDENTITY = "iPhone Developer";
				COPY_PHASE_STRIP = NO;
				DEBUG_INFORMATION_FORMAT = "dwarf-with-dsym";
				ENABLE_NS_ASSERTIONS = NO;
				ENABLE_STRICT_OBJC_MSGSEND = YES;
				GCC_C_LANGUAGE_STANDARD = gnu11;
				GCC_NO_COMMON_BLOCKS = YES;
				GCC_WARN_64_TO_32_BIT_CONVERSION = YES;
				GCC_WARN_ABOUT_RETURN_TYPE = YES_ERROR;
				GCC_WARN_UNDECLARED_SELECTOR = YES;
				GCC_WARN_UNINITIALIZED_AUTOS = YES_AGGRESSIVE;
				GCC_WARN_UNUSED_FUNCTION = YES;
				GCC_WARN_UNUSED_VARIABLE = YES;
				IPHONEOS_DEPLOYMENT_TARGET = 13.0;
				MTL_ENABLE_DEBUG_INFO = NO;
				MTL_FAST_MATH = YES;
				SDKROOT = iphoneos;
				SWIFT_COMPILATION_MODE = wholemodule;
				SWIFT_OPTIMIZATION_LEVEL = "-O";
				VALIDATE_PRODUCT = YES;
			};
			name = Release;
		};
		86ABD744225A58FB00D0EBE8 /* Debug */ = {
			isa = XCBuildConfiguration;
			baseConfigurationReference = D8D9F997ABB922F3B79BD0A4 /* Pods-onTop.debug.xcconfig */;
			buildSettings = {
				ASSETCATALOG_COMPILER_APPICON_NAME = AppIcon;
				CODE_SIGN_STYLE = Automatic;
				DEVELOPMENT_TEAM = U9Y88V64B7;
				INFOPLIST_FILE = onTop/Info.plist;
				LD_RUNPATH_SEARCH_PATHS = (
					"$(inherited)",
					"@executable_path/Frameworks",
				);
				PRODUCT_BUNDLE_IDENTIFIER = com.licenta.onTop;
				PRODUCT_NAME = "$(TARGET_NAME)";
				SWIFT_VERSION = 5.0;
				TARGETED_DEVICE_FAMILY = "1,2";
			};
			name = Debug;
		};
		86ABD745225A58FB00D0EBE8 /* Release */ = {
			isa = XCBuildConfiguration;
			baseConfigurationReference = 34E062F6C6D02453A7E65FC6 /* Pods-onTop.release.xcconfig */;
			buildSettings = {
				ASSETCATALOG_COMPILER_APPICON_NAME = AppIcon;
				CODE_SIGN_STYLE = Automatic;
				DEVELOPMENT_TEAM = U9Y88V64B7;
				INFOPLIST_FILE = onTop/Info.plist;
				LD_RUNPATH_SEARCH_PATHS = (
					"$(inherited)",
					"@executable_path/Frameworks",
				);
				PRODUCT_BUNDLE_IDENTIFIER = com.licenta.onTop;
				PRODUCT_NAME = "$(TARGET_NAME)";
				SWIFT_VERSION = 5.0;
				TARGETED_DEVICE_FAMILY = "1,2";
			};
			name = Release;
		};
/* End XCBuildConfiguration section */

/* Begin XCConfigurationList section */
		86ABD72C225A58F800D0EBE8 /* Build configuration list for PBXProject "onTop" */ = {
			isa = XCConfigurationList;
			buildConfigurations = (
				86ABD741225A58FB00D0EBE8 /* Debug */,
				86ABD742225A58FB00D0EBE8 /* Release */,
			);
			defaultConfigurationIsVisible = 0;
			defaultConfigurationName = Release;
		};
		86ABD743225A58FB00D0EBE8 /* Build configuration list for PBXNativeTarget "onTop" */ = {
			isa = XCConfigurationList;
			buildConfigurations = (
				86ABD744225A58FB00D0EBE8 /* Debug */,
				86ABD745225A58FB00D0EBE8 /* Release */,
			);
			defaultConfigurationIsVisible = 0;
			defaultConfigurationName = Release;
		};
/* End XCConfigurationList section */
	};
	rootObject = 86ABD729225A58F800D0EBE8 /* Project object */;
}
