// !$*UTF8*$!
{
	archiveVersion = 1;
	classes = {
	};
	objectVersion = 51;
	objects = {

/* Begin PBXBuildFile section */
		263D1C52B13253A352ABF151 /* Pods_onTop.framework in Frameworks */ = {isa = PBXBuildFile; fileRef = 4EF52C2633A43F82790948DB /* Pods_onTop.framework */; };
		865C4EEE22BE854900629F82 /* OrganisationsService.swift in Sources */ = {isa = PBXBuildFile; fileRef = 865C4EED22BE854900629F82 /* OrganisationsService.swift */; };
		865C4EF022BE858000629F82 /* OrganisationsRemoteService.swift in Sources */ = {isa = PBXBuildFile; fileRef = 865C4EEF22BE858000629F82 /* OrganisationsRemoteService.swift */; };
		865C4EF222BE861900629F82 /* OrganisationsRemoteServiceMock.swift in Sources */ = {isa = PBXBuildFile; fileRef = 865C4EF122BE861900629F82 /* OrganisationsRemoteServiceMock.swift */; };
		865C4EF422BE89D600629F82 /* OrganisationsVM.swift in Sources */ = {isa = PBXBuildFile; fileRef = 865C4EF322BE89D600629F82 /* OrganisationsVM.swift */; };
		865C4EF622BF75EB00629F82 /* AnnouncementVC.swift in Sources */ = {isa = PBXBuildFile; fileRef = 865C4EF522BF75EB00629F82 /* AnnouncementVC.swift */; };
		865C4EF822BF788100629F82 /* AnnouncementCoordinator.swift in Sources */ = {isa = PBXBuildFile; fileRef = 865C4EF722BF788100629F82 /* AnnouncementCoordinator.swift */; };
		865C4EFA22BF95D300629F82 /* AnnouncementVM.swift in Sources */ = {isa = PBXBuildFile; fileRef = 865C4EF922BF95D300629F82 /* AnnouncementVM.swift */; };
		865C4F0022BFB7BF00629F82 /* CommentsService.swift in Sources */ = {isa = PBXBuildFile; fileRef = 865C4EFF22BFB7BF00629F82 /* CommentsService.swift */; };
		865C4F0222BFB7E200629F82 /* CommentsRemoteService.swift in Sources */ = {isa = PBXBuildFile; fileRef = 865C4F0122BFB7E200629F82 /* CommentsRemoteService.swift */; };
		865C4F0422BFB93600629F82 /* CommentsRemoteServiceMock.swift in Sources */ = {isa = PBXBuildFile; fileRef = 865C4F0322BFB93600629F82 /* CommentsRemoteServiceMock.swift */; };
		865C4F0622BFB98500629F82 /* Comment.swift in Sources */ = {isa = PBXBuildFile; fileRef = 865C4F0522BFB98500629F82 /* Comment.swift */; };
		865C4F0822BFBD9900629F82 /* CommentsVM.swift in Sources */ = {isa = PBXBuildFile; fileRef = 865C4F0722BFBD9900629F82 /* CommentsVM.swift */; };
		865C4F0B22BFBE5E00629F82 /* CommentTableViewCell.swift in Sources */ = {isa = PBXBuildFile; fileRef = 865C4F0A22BFBE5E00629F82 /* CommentTableViewCell.swift */; };
		865C4F0D22C016BC00629F82 /* FirstLoginCoordinator.swift in Sources */ = {isa = PBXBuildFile; fileRef = 865C4F0C22C016BC00629F82 /* FirstLoginCoordinator.swift */; };
		865C4F0F22C0170100629F82 /* FirstLoginVC.swift in Sources */ = {isa = PBXBuildFile; fileRef = 865C4F0E22C0170100629F82 /* FirstLoginVC.swift */; };
		865C4F1122C01ED900629F82 /* Organisation.swift in Sources */ = {isa = PBXBuildFile; fileRef = 865C4F1022C01ED900629F82 /* Organisation.swift */; };
		865C4F1422C020A100629F82 /* OrganisationVM.swift in Sources */ = {isa = PBXBuildFile; fileRef = 865C4F1322C020A100629F82 /* OrganisationVM.swift */; };
		865C4F1622C023EF00629F82 /* SubscribeTableViewCell.swift in Sources */ = {isa = PBXBuildFile; fileRef = 865C4F1522C023EF00629F82 /* SubscribeTableViewCell.swift */; };
		865C4F1822C046E500629F82 /* InitiateConversationVC.swift in Sources */ = {isa = PBXBuildFile; fileRef = 865C4F1722C046E500629F82 /* InitiateConversationVC.swift */; };
		865C4F1A22C0494600629F82 /* InitiateConversationCoordinator.swift in Sources */ = {isa = PBXBuildFile; fileRef = 865C4F1922C0494600629F82 /* InitiateConversationCoordinator.swift */; };
		867EDB2522ADA64F00806528 /* TabBarCoordinator.swift in Sources */ = {isa = PBXBuildFile; fileRef = 867EDB2422ADA64E00806528 /* TabBarCoordinator.swift */; };
		867EDB2722ADA6B900806528 /* TabBarVC.swift in Sources */ = {isa = PBXBuildFile; fileRef = 867EDB2622ADA6B900806528 /* TabBarVC.swift */; };
		867EDB2922ADAB0F00806528 /* AnnouncementsTabCoordinator.swift in Sources */ = {isa = PBXBuildFile; fileRef = 867EDB2822ADAB0F00806528 /* AnnouncementsTabCoordinator.swift */; };
		867EDB2C22ADAFC200806528 /* AnnouncementsTabVC.swift in Sources */ = {isa = PBXBuildFile; fileRef = 867EDB2B22ADAFC200806528 /* AnnouncementsTabVC.swift */; };
		867EDB2F22ADB9F000806528 /* AnnouncementHeadline.swift in Sources */ = {isa = PBXBuildFile; fileRef = 867EDB2E22ADB9F000806528 /* AnnouncementHeadline.swift */; };
		867EDB3122ADBA0C00806528 /* AnnouncementHeadline.xib in Resources */ = {isa = PBXBuildFile; fileRef = 867EDB3022ADBA0C00806528 /* AnnouncementHeadline.xib */; };
		867EDB3422ADBA7600806528 /* NibView.swift in Sources */ = {isa = PBXBuildFile; fileRef = 867EDB3322ADBA7600806528 /* NibView.swift */; };
		867EDB3622ADBAA900806528 /* IBView.swift in Sources */ = {isa = PBXBuildFile; fileRef = 867EDB3522ADBAA900806528 /* IBView.swift */; };
		867EDB3922ADC28500806528 /* AnnouncementHeadlineCollectionViewCell.swift in Sources */ = {isa = PBXBuildFile; fileRef = 867EDB3822ADC28500806528 /* AnnouncementHeadlineCollectionViewCell.swift */; };
		867EDB3D22ADC40700806528 /* AnnouncementsService.swift in Sources */ = {isa = PBXBuildFile; fileRef = 867EDB3C22ADC40700806528 /* AnnouncementsService.swift */; };
		867EDB3F22ADC57300806528 /* AnnouncementsRemoteService.swift in Sources */ = {isa = PBXBuildFile; fileRef = 867EDB3E22ADC57300806528 /* AnnouncementsRemoteService.swift */; };
		867EDB4122ADC5BA00806528 /* AnnouncementsRemoteServiceReal.swift in Sources */ = {isa = PBXBuildFile; fileRef = 867EDB4022ADC5BA00806528 /* AnnouncementsRemoteServiceReal.swift */; };
		867EDB4322ADC5C900806528 /* AnnouncementsRemoteServiceMock.swift in Sources */ = {isa = PBXBuildFile; fileRef = 867EDB4222ADC5C900806528 /* AnnouncementsRemoteServiceMock.swift */; };
		867EDB4522ADC62200806528 /* Announcement.swift in Sources */ = {isa = PBXBuildFile; fileRef = 867EDB4422ADC62200806528 /* Announcement.swift */; };
		867EDB4722ADC9E000806528 /* AnnouncementsTabVM.swift in Sources */ = {isa = PBXBuildFile; fileRef = 867EDB4622ADC9E000806528 /* AnnouncementsTabVM.swift */; };
		868E4DF02281CBC4002581B7 /* Result.swift in Sources */ = {isa = PBXBuildFile; fileRef = 868E4DEF2281CBC4002581B7 /* Result.swift */; };
		86ABD735225A58F800D0EBE8 /* AppDelegate.swift in Sources */ = {isa = PBXBuildFile; fileRef = 86ABD734225A58F800D0EBE8 /* AppDelegate.swift */; };
		86ABD73A225A58F800D0EBE8 /* Main.storyboard in Resources */ = {isa = PBXBuildFile; fileRef = 86ABD738225A58F800D0EBE8 /* Main.storyboard */; };
		86ABD73C225A58FB00D0EBE8 /* Assets.xcassets in Resources */ = {isa = PBXBuildFile; fileRef = 86ABD73B225A58FB00D0EBE8 /* Assets.xcassets */; };
		86ABD73F225A58FB00D0EBE8 /* LaunchScreen.storyboard in Resources */ = {isa = PBXBuildFile; fileRef = 86ABD73D225A58FB00D0EBE8 /* LaunchScreen.storyboard */; };
		86ABD748225A5C8500D0EBE8 /* StoryboardViewController.swift in Sources */ = {isa = PBXBuildFile; fileRef = 86ABD747225A5C8500D0EBE8 /* StoryboardViewController.swift */; };
		86ABD74A225A5CC000D0EBE8 /* UIStoryboard+AppStoryboards.swift in Sources */ = {isa = PBXBuildFile; fileRef = 86ABD749225A5CC000D0EBE8 /* UIStoryboard+AppStoryboards.swift */; };
		86ABD74F225A5D2700D0EBE8 /* Coordinator.swift in Sources */ = {isa = PBXBuildFile; fileRef = 86ABD74E225A5D2700D0EBE8 /* Coordinator.swift */; };
		86ABD751225A5D4D00D0EBE8 /* AppCoordinator.swift in Sources */ = {isa = PBXBuildFile; fileRef = 86ABD750225A5D4D00D0EBE8 /* AppCoordinator.swift */; };
		86ABD753225A5DEA00D0EBE8 /* LoginCoordinator.swift in Sources */ = {isa = PBXBuildFile; fileRef = 86ABD752225A5DEA00D0EBE8 /* LoginCoordinator.swift */; };
		86ABD756225A5EB400D0EBE8 /* LoginVC.swift in Sources */ = {isa = PBXBuildFile; fileRef = 86ABD755225A5EB400D0EBE8 /* LoginVC.swift */; };
		86ABD759225A72CC00D0EBE8 /* UIColor+Hex.swift in Sources */ = {isa = PBXBuildFile; fileRef = 86ABD758225A72CC00D0EBE8 /* UIColor+Hex.swift */; };
		86ABD75B225A739900D0EBE8 /* UIColor+CustomColors.swift in Sources */ = {isa = PBXBuildFile; fileRef = 86ABD75A225A739900D0EBE8 /* UIColor+CustomColors.swift */; };
		86ABD75D225A78E200D0EBE8 /* RegisterVC.swift in Sources */ = {isa = PBXBuildFile; fileRef = 86ABD75C225A78E200D0EBE8 /* RegisterVC.swift */; };
		86EA31B8225B3013004F7DCA /* ServiceProvider.swift in Sources */ = {isa = PBXBuildFile; fileRef = 86EA31B7225B3013004F7DCA /* ServiceProvider.swift */; };
		86EA31BB225B306F004F7DCA /* LoginService.swift in Sources */ = {isa = PBXBuildFile; fileRef = 86EA31BA225B306F004F7DCA /* LoginService.swift */; };
		86EA31BD225B3091004F7DCA /* LoginRemoteService.swift in Sources */ = {isa = PBXBuildFile; fileRef = 86EA31BC225B3091004F7DCA /* LoginRemoteService.swift */; };
		86EA31BF225B3191004F7DCA /* LoginRemoteServiceReal.swift in Sources */ = {isa = PBXBuildFile; fileRef = 86EA31BE225B3191004F7DCA /* LoginRemoteServiceReal.swift */; };
		86EA31C2225B336B004F7DCA /* LoginDetails.swift in Sources */ = {isa = PBXBuildFile; fileRef = 86EA31C1225B336B004F7DCA /* LoginDetails.swift */; };
		86EA31C4225B3989004F7DCA /* LoginService+LoginError.swift in Sources */ = {isa = PBXBuildFile; fileRef = 86EA31C3225B3989004F7DCA /* LoginService+LoginError.swift */; };
		86EA31C6225B8ADF004F7DCA /* ServiceFactory.swift in Sources */ = {isa = PBXBuildFile; fileRef = 86EA31C5225B8ADF004F7DCA /* ServiceFactory.swift */; };
		86EA31C8225B8B1C004F7DCA /* LoginRemoteServiceMock.swift in Sources */ = {isa = PBXBuildFile; fileRef = 86EA31C7225B8B1C004F7DCA /* LoginRemoteServiceMock.swift */; };
		86EA31CA225B8B39004F7DCA /* ServiceMockFactory.swift in Sources */ = {isa = PBXBuildFile; fileRef = 86EA31C9225B8B39004F7DCA /* ServiceMockFactory.swift */; };
		86EA31CE226509FF004F7DCA /* UIViewController+ErrorHandling.swift in Sources */ = {isa = PBXBuildFile; fileRef = 86EA31CD226509FF004F7DCA /* UIViewController+ErrorHandling.swift */; };
		86EA31D022650AD6004F7DCA /* RegisterCoordinator.swift in Sources */ = {isa = PBXBuildFile; fileRef = 86EA31CF22650AD6004F7DCA /* RegisterCoordinator.swift */; };
		86EA31D222650B60004F7DCA /* RegisterDetails.swift in Sources */ = {isa = PBXBuildFile; fileRef = 86EA31D122650B60004F7DCA /* RegisterDetails.swift */; };
		86EA31D622650CDD004F7DCA /* RegisterService.swift in Sources */ = {isa = PBXBuildFile; fileRef = 86EA31D522650CDD004F7DCA /* RegisterService.swift */; };
		86EA31D822650D50004F7DCA /* RegisterRemoteService.swift in Sources */ = {isa = PBXBuildFile; fileRef = 86EA31D722650D50004F7DCA /* RegisterRemoteService.swift */; };
		86EA31DA22650E1D004F7DCA /* RegisterHttpRemoteService.swift in Sources */ = {isa = PBXBuildFile; fileRef = 86EA31D922650E1D004F7DCA /* RegisterHttpRemoteService.swift */; };
		86EA31DC22650F79004F7DCA /* RegisterService+RegisterError.swift in Sources */ = {isa = PBXBuildFile; fileRef = 86EA31DB22650F79004F7DCA /* RegisterService+RegisterError.swift */; };
		86EA31DE22651088004F7DCA /* RegisterRemoteServiceMock.swift in Sources */ = {isa = PBXBuildFile; fileRef = 86EA31DD22651088004F7DCA /* RegisterRemoteServiceMock.swift */; };
		86EE68BD22BC3E3000769B26 /* UltravisualLayout.swift in Sources */ = {isa = PBXBuildFile; fileRef = 86EE68BC22BC3E3000769B26 /* UltravisualLayout.swift */; };
		86EE68C122BE68DA00769B26 /* SearchOrganisationTabVC.swift in Sources */ = {isa = PBXBuildFile; fileRef = 86EE68C022BE68DA00769B26 /* SearchOrganisationTabVC.swift */; };
		86EE68C322BE697400769B26 /* ChatOrganisationTabVC.swift in Sources */ = {isa = PBXBuildFile; fileRef = 86EE68C222BE697400769B26 /* ChatOrganisationTabVC.swift */; };
		86EE68C522BE69D500769B26 /* SettingsTabVC.swift in Sources */ = {isa = PBXBuildFile; fileRef = 86EE68C422BE69D500769B26 /* SettingsTabVC.swift */; };
		86EE68C822BE6A7600769B26 /* SearchOrganisationTabCoordinator.swift in Sources */ = {isa = PBXBuildFile; fileRef = 86EE68C722BE6A7600769B26 /* SearchOrganisationTabCoordinator.swift */; };
		86EE68CA22BE6B3200769B26 /* ChatOrganisationTabCoordinator.swift in Sources */ = {isa = PBXBuildFile; fileRef = 86EE68C922BE6B3200769B26 /* ChatOrganisationTabCoordinator.swift */; };
		86EE68CC22BE6B6500769B26 /* SettingsTabCoordinator.swift in Sources */ = {isa = PBXBuildFile; fileRef = 86EE68CB22BE6B6500769B26 /* SettingsTabCoordinator.swift */; };
/* End PBXBuildFile section */

/* Begin PBXFileReference section */
		34E062F6C6D02453A7E65FC6 /* Pods-onTop.release.xcconfig */ = {isa = PBXFileReference; includeInIndex = 1; lastKnownFileType = text.xcconfig; name = "Pods-onTop.release.xcconfig"; path = "Pods/Target Support Files/Pods-onTop/Pods-onTop.release.xcconfig"; sourceTree = "<group>"; };
		4EF52C2633A43F82790948DB /* Pods_onTop.framework */ = {isa = PBXFileReference; explicitFileType = wrapper.framework; includeInIndex = 0; path = Pods_onTop.framework; sourceTree = BUILT_PRODUCTS_DIR; };
		865C4EED22BE854900629F82 /* OrganisationsService.swift */ = {isa = PBXFileReference; lastKnownFileType = sourcecode.swift; path = OrganisationsService.swift; sourceTree = "<group>"; };
		865C4EEF22BE858000629F82 /* OrganisationsRemoteService.swift */ = {isa = PBXFileReference; lastKnownFileType = sourcecode.swift; path = OrganisationsRemoteService.swift; sourceTree = "<group>"; };
		865C4EF122BE861900629F82 /* OrganisationsRemoteServiceMock.swift */ = {isa = PBXFileReference; lastKnownFileType = sourcecode.swift; path = OrganisationsRemoteServiceMock.swift; sourceTree = "<group>"; };
		865C4EF322BE89D600629F82 /* OrganisationsVM.swift */ = {isa = PBXFileReference; lastKnownFileType = sourcecode.swift; path = OrganisationsVM.swift; sourceTree = "<group>"; };
		865C4EF522BF75EB00629F82 /* AnnouncementVC.swift */ = {isa = PBXFileReference; lastKnownFileType = sourcecode.swift; path = AnnouncementVC.swift; sourceTree = "<group>"; };
		865C4EF722BF788100629F82 /* AnnouncementCoordinator.swift */ = {isa = PBXFileReference; lastKnownFileType = sourcecode.swift; path = AnnouncementCoordinator.swift; sourceTree = "<group>"; };
		865C4EF922BF95D300629F82 /* AnnouncementVM.swift */ = {isa = PBXFileReference; lastKnownFileType = sourcecode.swift; path = AnnouncementVM.swift; sourceTree = "<group>"; };
		865C4EFF22BFB7BF00629F82 /* CommentsService.swift */ = {isa = PBXFileReference; lastKnownFileType = sourcecode.swift; path = CommentsService.swift; sourceTree = "<group>"; };
		865C4F0122BFB7E200629F82 /* CommentsRemoteService.swift */ = {isa = PBXFileReference; lastKnownFileType = sourcecode.swift; path = CommentsRemoteService.swift; sourceTree = "<group>"; };
		865C4F0322BFB93600629F82 /* CommentsRemoteServiceMock.swift */ = {isa = PBXFileReference; lastKnownFileType = sourcecode.swift; path = CommentsRemoteServiceMock.swift; sourceTree = "<group>"; };
		865C4F0522BFB98500629F82 /* Comment.swift */ = {isa = PBXFileReference; lastKnownFileType = sourcecode.swift; path = Comment.swift; sourceTree = "<group>"; };
		865C4F0722BFBD9900629F82 /* CommentsVM.swift */ = {isa = PBXFileReference; lastKnownFileType = sourcecode.swift; path = CommentsVM.swift; sourceTree = "<group>"; };
		865C4F0A22BFBE5E00629F82 /* CommentTableViewCell.swift */ = {isa = PBXFileReference; lastKnownFileType = sourcecode.swift; path = CommentTableViewCell.swift; sourceTree = "<group>"; };
		865C4F0C22C016BC00629F82 /* FirstLoginCoordinator.swift */ = {isa = PBXFileReference; lastKnownFileType = sourcecode.swift; path = FirstLoginCoordinator.swift; sourceTree = "<group>"; };
		865C4F0E22C0170100629F82 /* FirstLoginVC.swift */ = {isa = PBXFileReference; lastKnownFileType = sourcecode.swift; path = FirstLoginVC.swift; sourceTree = "<group>"; };
		865C4F1022C01ED900629F82 /* Organisation.swift */ = {isa = PBXFileReference; lastKnownFileType = sourcecode.swift; path = Organisation.swift; sourceTree = "<group>"; };
		865C4F1322C020A100629F82 /* OrganisationVM.swift */ = {isa = PBXFileReference; lastKnownFileType = sourcecode.swift; path = OrganisationVM.swift; sourceTree = "<group>"; };
		865C4F1522C023EF00629F82 /* SubscribeTableViewCell.swift */ = {isa = PBXFileReference; lastKnownFileType = sourcecode.swift; path = SubscribeTableViewCell.swift; sourceTree = "<group>"; };
		865C4F1722C046E500629F82 /* InitiateConversationVC.swift */ = {isa = PBXFileReference; lastKnownFileType = sourcecode.swift; path = InitiateConversationVC.swift; sourceTree = "<group>"; };
		865C4F1922C0494600629F82 /* InitiateConversationCoordinator.swift */ = {isa = PBXFileReference; lastKnownFileType = sourcecode.swift; path = InitiateConversationCoordinator.swift; sourceTree = "<group>"; };
		867EDB2422ADA64E00806528 /* TabBarCoordinator.swift */ = {isa = PBXFileReference; lastKnownFileType = sourcecode.swift; path = TabBarCoordinator.swift; sourceTree = "<group>"; };
		867EDB2622ADA6B900806528 /* TabBarVC.swift */ = {isa = PBXFileReference; lastKnownFileType = sourcecode.swift; path = TabBarVC.swift; sourceTree = "<group>"; };
		867EDB2822ADAB0F00806528 /* AnnouncementsTabCoordinator.swift */ = {isa = PBXFileReference; lastKnownFileType = sourcecode.swift; path = AnnouncementsTabCoordinator.swift; sourceTree = "<group>"; };
		867EDB2B22ADAFC200806528 /* AnnouncementsTabVC.swift */ = {isa = PBXFileReference; lastKnownFileType = sourcecode.swift; path = AnnouncementsTabVC.swift; sourceTree = "<group>"; };
		867EDB2E22ADB9F000806528 /* AnnouncementHeadline.swift */ = {isa = PBXFileReference; lastKnownFileType = sourcecode.swift; path = AnnouncementHeadline.swift; sourceTree = "<group>"; };
		867EDB3022ADBA0C00806528 /* AnnouncementHeadline.xib */ = {isa = PBXFileReference; lastKnownFileType = file.xib; path = AnnouncementHeadline.xib; sourceTree = "<group>"; };
		867EDB3322ADBA7600806528 /* NibView.swift */ = {isa = PBXFileReference; lastKnownFileType = sourcecode.swift; path = NibView.swift; sourceTree = "<group>"; };
		867EDB3522ADBAA900806528 /* IBView.swift */ = {isa = PBXFileReference; lastKnownFileType = sourcecode.swift; path = IBView.swift; sourceTree = "<group>"; };
		867EDB3822ADC28500806528 /* AnnouncementHeadlineCollectionViewCell.swift */ = {isa = PBXFileReference; lastKnownFileType = sourcecode.swift; path = AnnouncementHeadlineCollectionViewCell.swift; sourceTree = "<group>"; };
		867EDB3C22ADC40700806528 /* AnnouncementsService.swift */ = {isa = PBXFileReference; lastKnownFileType = sourcecode.swift; path = AnnouncementsService.swift; sourceTree = "<group>"; };
		867EDB3E22ADC57300806528 /* AnnouncementsRemoteService.swift */ = {isa = PBXFileReference; lastKnownFileType = sourcecode.swift; path = AnnouncementsRemoteService.swift; sourceTree = "<group>"; };
		867EDB4022ADC5BA00806528 /* AnnouncementsRemoteServiceReal.swift */ = {isa = PBXFileReference; lastKnownFileType = sourcecode.swift; path = AnnouncementsRemoteServiceReal.swift; sourceTree = "<group>"; };
		867EDB4222ADC5C900806528 /* AnnouncementsRemoteServiceMock.swift */ = {isa = PBXFileReference; lastKnownFileType = sourcecode.swift; path = AnnouncementsRemoteServiceMock.swift; sourceTree = "<group>"; };
		867EDB4422ADC62200806528 /* Announcement.swift */ = {isa = PBXFileReference; lastKnownFileType = sourcecode.swift; path = Announcement.swift; sourceTree = "<group>"; };
		867EDB4622ADC9E000806528 /* AnnouncementsTabVM.swift */ = {isa = PBXFileReference; lastKnownFileType = sourcecode.swift; path = AnnouncementsTabVM.swift; sourceTree = "<group>"; };
		868E4DEF2281CBC4002581B7 /* Result.swift */ = {isa = PBXFileReference; lastKnownFileType = sourcecode.swift; path = Result.swift; sourceTree = "<group>"; };
		86ABD731225A58F800D0EBE8 /* onTop.app */ = {isa = PBXFileReference; explicitFileType = wrapper.application; includeInIndex = 0; path = onTop.app; sourceTree = BUILT_PRODUCTS_DIR; };
		86ABD734225A58F800D0EBE8 /* AppDelegate.swift */ = {isa = PBXFileReference; lastKnownFileType = sourcecode.swift; path = AppDelegate.swift; sourceTree = "<group>"; };
		86ABD739225A58F800D0EBE8 /* Base */ = {isa = PBXFileReference; lastKnownFileType = file.storyboard; name = Base; path = Base.lproj/Main.storyboard; sourceTree = "<group>"; };
		86ABD73B225A58FB00D0EBE8 /* Assets.xcassets */ = {isa = PBXFileReference; lastKnownFileType = folder.assetcatalog; path = Assets.xcassets; sourceTree = "<group>"; };
		86ABD73E225A58FB00D0EBE8 /* Base */ = {isa = PBXFileReference; lastKnownFileType = file.storyboard; name = Base; path = Base.lproj/LaunchScreen.storyboard; sourceTree = "<group>"; };
		86ABD740225A58FB00D0EBE8 /* Info.plist */ = {isa = PBXFileReference; lastKnownFileType = text.plist.xml; path = Info.plist; sourceTree = "<group>"; };
		86ABD747225A5C8500D0EBE8 /* StoryboardViewController.swift */ = {isa = PBXFileReference; lastKnownFileType = sourcecode.swift; path = StoryboardViewController.swift; sourceTree = "<group>"; };
		86ABD749225A5CC000D0EBE8 /* UIStoryboard+AppStoryboards.swift */ = {isa = PBXFileReference; lastKnownFileType = sourcecode.swift; path = "UIStoryboard+AppStoryboards.swift"; sourceTree = "<group>"; };
		86ABD74E225A5D2700D0EBE8 /* Coordinator.swift */ = {isa = PBXFileReference; lastKnownFileType = sourcecode.swift; path = Coordinator.swift; sourceTree = "<group>"; };
		86ABD750225A5D4D00D0EBE8 /* AppCoordinator.swift */ = {isa = PBXFileReference; lastKnownFileType = sourcecode.swift; path = AppCoordinator.swift; sourceTree = "<group>"; };
		86ABD752225A5DEA00D0EBE8 /* LoginCoordinator.swift */ = {isa = PBXFileReference; lastKnownFileType = sourcecode.swift; path = LoginCoordinator.swift; sourceTree = "<group>"; };
		86ABD755225A5EB400D0EBE8 /* LoginVC.swift */ = {isa = PBXFileReference; lastKnownFileType = sourcecode.swift; path = LoginVC.swift; sourceTree = "<group>"; };
		86ABD758225A72CC00D0EBE8 /* UIColor+Hex.swift */ = {isa = PBXFileReference; lastKnownFileType = sourcecode.swift; path = "UIColor+Hex.swift"; sourceTree = "<group>"; };
		86ABD75A225A739900D0EBE8 /* UIColor+CustomColors.swift */ = {isa = PBXFileReference; lastKnownFileType = sourcecode.swift; path = "UIColor+CustomColors.swift"; sourceTree = "<group>"; };
		86ABD75C225A78E200D0EBE8 /* RegisterVC.swift */ = {isa = PBXFileReference; lastKnownFileType = sourcecode.swift; path = RegisterVC.swift; sourceTree = "<group>"; };
		86EA31B7225B3013004F7DCA /* ServiceProvider.swift */ = {isa = PBXFileReference; lastKnownFileType = sourcecode.swift; path = ServiceProvider.swift; sourceTree = "<group>"; };
		86EA31BA225B306F004F7DCA /* LoginService.swift */ = {isa = PBXFileReference; lastKnownFileType = sourcecode.swift; path = LoginService.swift; sourceTree = "<group>"; };
		86EA31BC225B3091004F7DCA /* LoginRemoteService.swift */ = {isa = PBXFileReference; lastKnownFileType = sourcecode.swift; path = LoginRemoteService.swift; sourceTree = "<group>"; };
		86EA31BE225B3191004F7DCA /* LoginRemoteServiceReal.swift */ = {isa = PBXFileReference; lastKnownFileType = sourcecode.swift; path = LoginRemoteServiceReal.swift; sourceTree = "<group>"; };
		86EA31C1225B336B004F7DCA /* LoginDetails.swift */ = {isa = PBXFileReference; lastKnownFileType = sourcecode.swift; path = LoginDetails.swift; sourceTree = "<group>"; };
		86EA31C3225B3989004F7DCA /* LoginService+LoginError.swift */ = {isa = PBXFileReference; lastKnownFileType = sourcecode.swift; path = "LoginService+LoginError.swift"; sourceTree = "<group>"; };
		86EA31C5225B8ADF004F7DCA /* ServiceFactory.swift */ = {isa = PBXFileReference; lastKnownFileType = sourcecode.swift; path = ServiceFactory.swift; sourceTree = "<group>"; };
		86EA31C7225B8B1C004F7DCA /* LoginRemoteServiceMock.swift */ = {isa = PBXFileReference; lastKnownFileType = sourcecode.swift; path = LoginRemoteServiceMock.swift; sourceTree = "<group>"; };
		86EA31C9225B8B39004F7DCA /* ServiceMockFactory.swift */ = {isa = PBXFileReference; lastKnownFileType = sourcecode.swift; path = ServiceMockFactory.swift; sourceTree = "<group>"; };
		86EA31CD226509FF004F7DCA /* UIViewController+ErrorHandling.swift */ = {isa = PBXFileReference; lastKnownFileType = sourcecode.swift; path = "UIViewController+ErrorHandling.swift"; sourceTree = "<group>"; };
		86EA31CF22650AD6004F7DCA /* RegisterCoordinator.swift */ = {isa = PBXFileReference; lastKnownFileType = sourcecode.swift; path = RegisterCoordinator.swift; sourceTree = "<group>"; };
		86EA31D122650B60004F7DCA /* RegisterDetails.swift */ = {isa = PBXFileReference; lastKnownFileType = sourcecode.swift; path = RegisterDetails.swift; sourceTree = "<group>"; };
		86EA31D522650CDD004F7DCA /* RegisterService.swift */ = {isa = PBXFileReference; lastKnownFileType = sourcecode.swift; path = RegisterService.swift; sourceTree = "<group>"; };
		86EA31D722650D50004F7DCA /* RegisterRemoteService.swift */ = {isa = PBXFileReference; lastKnownFileType = sourcecode.swift; path = RegisterRemoteService.swift; sourceTree = "<group>"; };
		86EA31D922650E1D004F7DCA /* RegisterHttpRemoteService.swift */ = {isa = PBXFileReference; lastKnownFileType = sourcecode.swift; path = RegisterHttpRemoteService.swift; sourceTree = "<group>"; };
		86EA31DB22650F79004F7DCA /* RegisterService+RegisterError.swift */ = {isa = PBXFileReference; lastKnownFileType = sourcecode.swift; path = "RegisterService+RegisterError.swift"; sourceTree = "<group>"; };
		86EA31DD22651088004F7DCA /* RegisterRemoteServiceMock.swift */ = {isa = PBXFileReference; lastKnownFileType = sourcecode.swift; path = RegisterRemoteServiceMock.swift; sourceTree = "<group>"; };
		86EE68BC22BC3E3000769B26 /* UltravisualLayout.swift */ = {isa = PBXFileReference; fileEncoding = 4; lastKnownFileType = sourcecode.swift; path = UltravisualLayout.swift; sourceTree = "<group>"; };
		86EE68C022BE68DA00769B26 /* SearchOrganisationTabVC.swift */ = {isa = PBXFileReference; lastKnownFileType = sourcecode.swift; path = SearchOrganisationTabVC.swift; sourceTree = "<group>"; };
		86EE68C222BE697400769B26 /* ChatOrganisationTabVC.swift */ = {isa = PBXFileReference; lastKnownFileType = sourcecode.swift; path = ChatOrganisationTabVC.swift; sourceTree = "<group>"; };
		86EE68C422BE69D500769B26 /* SettingsTabVC.swift */ = {isa = PBXFileReference; lastKnownFileType = sourcecode.swift; path = SettingsTabVC.swift; sourceTree = "<group>"; };
		86EE68C722BE6A7600769B26 /* SearchOrganisationTabCoordinator.swift */ = {isa = PBXFileReference; lastKnownFileType = sourcecode.swift; path = SearchOrganisationTabCoordinator.swift; sourceTree = "<group>"; };
		86EE68C922BE6B3200769B26 /* ChatOrganisationTabCoordinator.swift */ = {isa = PBXFileReference; lastKnownFileType = sourcecode.swift; path = ChatOrganisationTabCoordinator.swift; sourceTree = "<group>"; };
		86EE68CB22BE6B6500769B26 /* SettingsTabCoordinator.swift */ = {isa = PBXFileReference; lastKnownFileType = sourcecode.swift; path = SettingsTabCoordinator.swift; sourceTree = "<group>"; };
		D8D9F997ABB922F3B79BD0A4 /* Pods-onTop.debug.xcconfig */ = {isa = PBXFileReference; includeInIndex = 1; lastKnownFileType = text.xcconfig; name = "Pods-onTop.debug.xcconfig"; path = "Pods/Target Support Files/Pods-onTop/Pods-onTop.debug.xcconfig"; sourceTree = "<group>"; };
/* End PBXFileReference section */

/* Begin PBXFrameworksBuildPhase section */
		86ABD72E225A58F800D0EBE8 /* Frameworks */ = {
			isa = PBXFrameworksBuildPhase;
			buildActionMask = 2147483647;
			files = (
				263D1C52B13253A352ABF151 /* Pods_onTop.framework in Frameworks */,
			);
			runOnlyForDeploymentPostprocessing = 0;
		};
/* End PBXFrameworksBuildPhase section */

/* Begin PBXGroup section */
		447906EEA30B462BFF73FA0C /* Pods */ = {
			isa = PBXGroup;
			children = (
				D8D9F997ABB922F3B79BD0A4 /* Pods-onTop.debug.xcconfig */,
				34E062F6C6D02453A7E65FC6 /* Pods-onTop.release.xcconfig */,
			);
			name = Pods;
			sourceTree = "<group>";
		};
		865C4EEC22BE852900629F82 /* OrganisationsService */ = {
			isa = PBXGroup;
			children = (
				865C4EED22BE854900629F82 /* OrganisationsService.swift */,
				865C4EEF22BE858000629F82 /* OrganisationsRemoteService.swift */,
				865C4EF122BE861900629F82 /* OrganisationsRemoteServiceMock.swift */,
			);
			path = OrganisationsService;
			sourceTree = "<group>";
		};
		865C4EFE22BFB7AD00629F82 /* Comments */ = {
			isa = PBXGroup;
			children = (
				865C4EFF22BFB7BF00629F82 /* CommentsService.swift */,
				865C4F0122BFB7E200629F82 /* CommentsRemoteService.swift */,
				865C4F0322BFB93600629F82 /* CommentsRemoteServiceMock.swift */,
			);
			path = Comments;
			sourceTree = "<group>";
		};
		865C4F0922BFBE1900629F82 /* TableViewCells */ = {
			isa = PBXGroup;
			children = (
				865C4F0A22BFBE5E00629F82 /* CommentTableViewCell.swift */,
				865C4F1522C023EF00629F82 /* SubscribeTableViewCell.swift */,
			);
			path = TableViewCells;
			sourceTree = "<group>";
		};
		867EDB2A22ADAFAA00806528 /* TabViewControllers */ = {
			isa = PBXGroup;
			children = (
				867EDB2B22ADAFC200806528 /* AnnouncementsTabVC.swift */,
				86EE68C022BE68DA00769B26 /* SearchOrganisationTabVC.swift */,
				86EE68C222BE697400769B26 /* ChatOrganisationTabVC.swift */,
				86EE68C422BE69D500769B26 /* SettingsTabVC.swift */,
			);
			path = TabViewControllers;
			sourceTree = "<group>";
		};
		867EDB2D22ADB90700806528 /* Views */ = {
			isa = PBXGroup;
			children = (
				865C4F0922BFBE1900629F82 /* TableViewCells */,
				86EE68BB22BC3D4900769B26 /* CollectionViewLayout */,
				867EDB3222ADBA5100806528 /* NibViewBase */,
				867EDB3722ADC26100806528 /* NewsHeadline */,
			);
			path = Views;
			sourceTree = "<group>";
		};
		867EDB3222ADBA5100806528 /* NibViewBase */ = {
			isa = PBXGroup;
			children = (
				867EDB3322ADBA7600806528 /* NibView.swift */,
				867EDB3522ADBAA900806528 /* IBView.swift */,
			);
			path = NibViewBase;
			sourceTree = "<group>";
		};
		867EDB3722ADC26100806528 /* NewsHeadline */ = {
			isa = PBXGroup;
			children = (
				867EDB2E22ADB9F000806528 /* AnnouncementHeadline.swift */,
				867EDB3022ADBA0C00806528 /* AnnouncementHeadline.xib */,
				867EDB3822ADC28500806528 /* AnnouncementHeadlineCollectionViewCell.swift */,
			);
			path = NewsHeadline;
			sourceTree = "<group>";
		};
		867EDB3A22ADC3A100806528 /* ViewModel */ = {
			isa = PBXGroup;
			children = (
				867EDB4622ADC9E000806528 /* AnnouncementsTabVM.swift */,
				865C4EF322BE89D600629F82 /* OrganisationsVM.swift */,
				865C4EF922BF95D300629F82 /* AnnouncementVM.swift */,
				865C4F0722BFBD9900629F82 /* CommentsVM.swift */,
				865C4F1322C020A100629F82 /* OrganisationVM.swift */,
			);
			path = ViewModel;
			sourceTree = "<group>";
		};
		867EDB3B22ADC3E600806528 /* AnnouncementsService */ = {
			isa = PBXGroup;
			children = (
				867EDB3C22ADC40700806528 /* AnnouncementsService.swift */,
				867EDB3E22ADC57300806528 /* AnnouncementsRemoteService.swift */,
				867EDB4022ADC5BA00806528 /* AnnouncementsRemoteServiceReal.swift */,
				867EDB4222ADC5C900806528 /* AnnouncementsRemoteServiceMock.swift */,
			);
			path = AnnouncementsService;
			sourceTree = "<group>";
		};
		86ABD728225A58F800D0EBE8 = {
			isa = PBXGroup;
			children = (
				86ABD733225A58F800D0EBE8 /* onTop */,
				86ABD732225A58F800D0EBE8 /* Products */,
				447906EEA30B462BFF73FA0C /* Pods */,
				F188489B43FF038B52295623 /* Frameworks */,
			);
			sourceTree = "<group>";
		};
		86ABD732225A58F800D0EBE8 /* Products */ = {
			isa = PBXGroup;
			children = (
				86ABD731225A58F800D0EBE8 /* onTop.app */,
			);
			name = Products;
			sourceTree = "<group>";
		};
		86ABD733225A58F800D0EBE8 /* onTop */ = {
			isa = PBXGroup;
			children = (
				86EA31C0225B3348004F7DCA /* Model */,
				867EDB3A22ADC3A100806528 /* ViewModel */,
				867EDB2D22ADB90700806528 /* Views */,
				86ABD754225A5DFB00D0EBE8 /* ViewControllers */,
				86ABD74D225A5D1100D0EBE8 /* Coordinators */,
				86EA31B5225B2FD9004F7DCA /* Business Logic */,
				86ABD746225A5C5B00D0EBE8 /* Storyboard */,
				86ABD757225A72AB00D0EBE8 /* Utils */,
				86ABD734225A58F800D0EBE8 /* AppDelegate.swift */,
				86ABD73B225A58FB00D0EBE8 /* Assets.xcassets */,
				86ABD73D225A58FB00D0EBE8 /* LaunchScreen.storyboard */,
				86ABD740225A58FB00D0EBE8 /* Info.plist */,
			);
			path = onTop;
			sourceTree = "<group>";
		};
		86ABD746225A5C5B00D0EBE8 /* Storyboard */ = {
			isa = PBXGroup;
			children = (
				86ABD738225A58F800D0EBE8 /* Main.storyboard */,
				86ABD747225A5C8500D0EBE8 /* StoryboardViewController.swift */,
				86ABD749225A5CC000D0EBE8 /* UIStoryboard+AppStoryboards.swift */,
			);
			path = Storyboard;
			sourceTree = "<group>";
		};
		86ABD74D225A5D1100D0EBE8 /* Coordinators */ = {
			isa = PBXGroup;
			children = (
				86ABD74E225A5D2700D0EBE8 /* Coordinator.swift */,
				86ABD750225A5D4D00D0EBE8 /* AppCoordinator.swift */,
				86ABD752225A5DEA00D0EBE8 /* LoginCoordinator.swift */,
				86EA31CF22650AD6004F7DCA /* RegisterCoordinator.swift */,
				867EDB2422ADA64E00806528 /* TabBarCoordinator.swift */,
				86EE68C622BE6A4700769B26 /* TabBarCoordinators */,
				865C4EF722BF788100629F82 /* AnnouncementCoordinator.swift */,
				865C4F0C22C016BC00629F82 /* FirstLoginCoordinator.swift */,
				865C4F1922C0494600629F82 /* InitiateConversationCoordinator.swift */,
			);
			path = Coordinators;
			sourceTree = "<group>";
		};
		86ABD754225A5DFB00D0EBE8 /* ViewControllers */ = {
			isa = PBXGroup;
			children = (
				86EA31CC226509F4004F7DCA /* Extensions */,
				86ABD755225A5EB400D0EBE8 /* LoginVC.swift */,
				86ABD75C225A78E200D0EBE8 /* RegisterVC.swift */,
				867EDB2622ADA6B900806528 /* TabBarVC.swift */,
				867EDB2A22ADAFAA00806528 /* TabViewControllers */,
				865C4EF522BF75EB00629F82 /* AnnouncementVC.swift */,
				865C4F0E22C0170100629F82 /* FirstLoginVC.swift */,
				865C4F1722C046E500629F82 /* InitiateConversationVC.swift */,
			);
			path = ViewControllers;
			sourceTree = "<group>";
		};
		86ABD757225A72AB00D0EBE8 /* Utils */ = {
			isa = PBXGroup;
			children = (
				86ABD758225A72CC00D0EBE8 /* UIColor+Hex.swift */,
				86ABD75A225A739900D0EBE8 /* UIColor+CustomColors.swift */,
			);
			path = Utils;
			sourceTree = "<group>";
		};
		86EA31B5225B2FD9004F7DCA /* Business Logic */ = {
			isa = PBXGroup;
			children = (
				865C4EFE22BFB7AD00629F82 /* Comments */,
				868E4DEF2281CBC4002581B7 /* Result.swift */,
				86EA31D322650CC5004F7DCA /* RegisterService */,
				86EA31B9225B3040004F7DCA /* LoginService */,
				867EDB3B22ADC3E600806528 /* AnnouncementsService */,
				865C4EEC22BE852900629F82 /* OrganisationsService */,
				86EA31B6225B2FFF004F7DCA /* Service */,
			);
			path = "Business Logic";
			sourceTree = "<group>";
		};
		86EA31B6225B2FFF004F7DCA /* Service */ = {
			isa = PBXGroup;
			children = (
				86EA31B7225B3013004F7DCA /* ServiceProvider.swift */,
				86EA31C5225B8ADF004F7DCA /* ServiceFactory.swift */,
				86EA31C9225B8B39004F7DCA /* ServiceMockFactory.swift */,
			);
			path = Service;
			sourceTree = "<group>";
		};
		86EA31B9225B3040004F7DCA /* LoginService */ = {
			isa = PBXGroup;
			children = (
				86EA31BA225B306F004F7DCA /* LoginService.swift */,
				86EA31BC225B3091004F7DCA /* LoginRemoteService.swift */,
				86EA31BE225B3191004F7DCA /* LoginRemoteServiceReal.swift */,
				86EA31C3225B3989004F7DCA /* LoginService+LoginError.swift */,
				86EA31C7225B8B1C004F7DCA /* LoginRemoteServiceMock.swift */,
			);
			path = LoginService;
			sourceTree = "<group>";
		};
		86EA31C0225B3348004F7DCA /* Model */ = {
			isa = PBXGroup;
			children = (
				86EA31C1225B336B004F7DCA /* LoginDetails.swift */,
				86EA31D122650B60004F7DCA /* RegisterDetails.swift */,
				867EDB4422ADC62200806528 /* Announcement.swift */,
				865C4F0522BFB98500629F82 /* Comment.swift */,
				865C4F1022C01ED900629F82 /* Organisation.swift */,
			);
			path = Model;
			sourceTree = "<group>";
		};
		86EA31CC226509F4004F7DCA /* Extensions */ = {
			isa = PBXGroup;
			children = (
				86EA31CD226509FF004F7DCA /* UIViewController+ErrorHandling.swift */,
			);
			path = Extensions;
			sourceTree = "<group>";
		};
		86EA31D322650CC5004F7DCA /* RegisterService */ = {
			isa = PBXGroup;
			children = (
				86EA31D522650CDD004F7DCA /* RegisterService.swift */,
				86EA31D722650D50004F7DCA /* RegisterRemoteService.swift */,
				86EA31D922650E1D004F7DCA /* RegisterHttpRemoteService.swift */,
				86EA31DB22650F79004F7DCA /* RegisterService+RegisterError.swift */,
				86EA31DD22651088004F7DCA /* RegisterRemoteServiceMock.swift */,
			);
			path = RegisterService;
			sourceTree = "<group>";
		};
		86EE68BB22BC3D4900769B26 /* CollectionViewLayout */ = {
			isa = PBXGroup;
			children = (
				86EE68BC22BC3E3000769B26 /* UltravisualLayout.swift */,
			);
			path = CollectionViewLayout;
			sourceTree = "<group>";
		};
		86EE68C622BE6A4700769B26 /* TabBarCoordinators */ = {
			isa = PBXGroup;
			children = (
				867EDB2822ADAB0F00806528 /* AnnouncementsTabCoordinator.swift */,
				86EE68C722BE6A7600769B26 /* SearchOrganisationTabCoordinator.swift */,
				86EE68C922BE6B3200769B26 /* ChatOrganisationTabCoordinator.swift */,
				86EE68CB22BE6B6500769B26 /* SettingsTabCoordinator.swift */,
			);
			path = TabBarCoordinators;
			sourceTree = "<group>";
		};
		F188489B43FF038B52295623 /* Frameworks */ = {
			isa = PBXGroup;
			children = (
				4EF52C2633A43F82790948DB /* Pods_onTop.framework */,
			);
			name = Frameworks;
			sourceTree = "<group>";
		};
/* End PBXGroup section */

/* Begin PBXNativeTarget section */
		86ABD730225A58F800D0EBE8 /* onTop */ = {
			isa = PBXNativeTarget;
			buildConfigurationList = 86ABD743225A58FB00D0EBE8 /* Build configuration list for PBXNativeTarget "onTop" */;
			buildPhases = (
				14635DBB65BA79E43CADD967 /* [CP] Check Pods Manifest.lock */,
				86ABD72D225A58F800D0EBE8 /* Sources */,
				86ABD72E225A58F800D0EBE8 /* Frameworks */,
				86ABD72F225A58F800D0EBE8 /* Resources */,
				6FA0CA9DC100C92EDEDBB8E2 /* [CP] Embed Pods Frameworks */,
			);
			buildRules = (
			);
			dependencies = (
			);
			name = onTop;
			productName = onTop;
			productReference = 86ABD731225A58F800D0EBE8 /* onTop.app */;
			productType = "com.apple.product-type.application";
		};
/* End PBXNativeTarget section */

/* Begin PBXProject section */
		86ABD729225A58F800D0EBE8 /* Project object */ = {
			isa = PBXProject;
			attributes = {
				LastSwiftUpdateCheck = 1020;
				LastUpgradeCheck = 1020;
				ORGANIZATIONNAME = "Alexandru Vrincean";
				TargetAttributes = {
					86ABD730225A58F800D0EBE8 = {
						CreatedOnToolsVersion = 10.2;
					};
				};
			};
			buildConfigurationList = 86ABD72C225A58F800D0EBE8 /* Build configuration list for PBXProject "onTop" */;
			compatibilityVersion = "Xcode 9.3";
			developmentRegion = en;
			hasScannedForEncodings = 0;
			knownRegions = (
				en,
				Base,
			);
			mainGroup = 86ABD728225A58F800D0EBE8;
			productRefGroup = 86ABD732225A58F800D0EBE8 /* Products */;
			projectDirPath = "";
			projectRoot = "";
			targets = (
				86ABD730225A58F800D0EBE8 /* onTop */,
			);
		};
/* End PBXProject section */

/* Begin PBXResourcesBuildPhase section */
		86ABD72F225A58F800D0EBE8 /* Resources */ = {
			isa = PBXResourcesBuildPhase;
			buildActionMask = 2147483647;
			files = (
				867EDB3122ADBA0C00806528 /* AnnouncementHeadline.xib in Resources */,
				86ABD73F225A58FB00D0EBE8 /* LaunchScreen.storyboard in Resources */,
				86ABD73C225A58FB00D0EBE8 /* Assets.xcassets in Resources */,
				86ABD73A225A58F800D0EBE8 /* Main.storyboard in Resources */,
			);
			runOnlyForDeploymentPostprocessing = 0;
		};
/* End PBXResourcesBuildPhase section */

/* Begin PBXShellScriptBuildPhase section */
		14635DBB65BA79E43CADD967 /* [CP] Check Pods Manifest.lock */ = {
			isa = PBXShellScriptBuildPhase;
			buildActionMask = 2147483647;
			files = (
			);
			inputFileListPaths = (
			);
			inputPaths = (
				"${PODS_PODFILE_DIR_PATH}/Podfile.lock",
				"${PODS_ROOT}/Manifest.lock",
			);
			name = "[CP] Check Pods Manifest.lock";
			outputFileListPaths = (
			);
			outputPaths = (
				"$(DERIVED_FILE_DIR)/Pods-onTop-checkManifestLockResult.txt",
			);
			runOnlyForDeploymentPostprocessing = 0;
			shellPath = /bin/sh;
			shellScript = "diff \"${PODS_PODFILE_DIR_PATH}/Podfile.lock\" \"${PODS_ROOT}/Manifest.lock\" > /dev/null\nif [ $? != 0 ] ; then\n    # print error to STDERR\n    echo \"error: The sandbox is not in sync with the Podfile.lock. Run 'pod install' or update your CocoaPods installation.\" >&2\n    exit 1\nfi\n# This output is used by Xcode 'outputs' to avoid re-running this script phase.\necho \"SUCCESS\" > \"${SCRIPT_OUTPUT_FILE_0}\"\n";
			showEnvVarsInLog = 0;
		};
		6FA0CA9DC100C92EDEDBB8E2 /* [CP] Embed Pods Frameworks */ = {
			isa = PBXShellScriptBuildPhase;
			buildActionMask = 2147483647;
			files = (
			);
			inputFileListPaths = (
				"${PODS_ROOT}/Target Support Files/Pods-onTop/Pods-onTop-frameworks-${CONFIGURATION}-input-files.xcfilelist",
			);
			name = "[CP] Embed Pods Frameworks";
			outputFileListPaths = (
				"${PODS_ROOT}/Target Support Files/Pods-onTop/Pods-onTop-frameworks-${CONFIGURATION}-output-files.xcfilelist",
			);
			runOnlyForDeploymentPostprocessing = 0;
			shellPath = /bin/sh;
			shellScript = "\"${PODS_ROOT}/Target Support Files/Pods-onTop/Pods-onTop-frameworks.sh\"\n";
			showEnvVarsInLog = 0;
		};
/* End PBXShellScriptBuildPhase section */

/* Begin PBXSourcesBuildPhase section */
		86ABD72D225A58F800D0EBE8 /* Sources */ = {
			isa = PBXSourcesBuildPhase;
			buildActionMask = 2147483647;
			files = (
				867EDB3D22ADC40700806528 /* AnnouncementsService.swift in Sources */,
				86EA31D822650D50004F7DCA /* RegisterRemoteService.swift in Sources */,
				865C4EF422BE89D600629F82 /* OrganisationsVM.swift in Sources */,
				865C4EF622BF75EB00629F82 /* AnnouncementVC.swift in Sources */,
				86EA31C4225B3989004F7DCA /* LoginService+LoginError.swift in Sources */,
				867EDB3622ADBAA900806528 /* IBView.swift in Sources */,
				865C4F1A22C0494600629F82 /* InitiateConversationCoordinator.swift in Sources */,
				86ABD751225A5D4D00D0EBE8 /* AppCoordinator.swift in Sources */,
				865C4F0F22C0170100629F82 /* FirstLoginVC.swift in Sources */,
				867EDB4522ADC62200806528 /* Announcement.swift in Sources */,
				867EDB2C22ADAFC200806528 /* AnnouncementsTabVC.swift in Sources */,
				86ABD759225A72CC00D0EBE8 /* UIColor+Hex.swift in Sources */,
				86EE68CA22BE6B3200769B26 /* ChatOrganisationTabCoordinator.swift in Sources */,
				865C4EF022BE858000629F82 /* OrganisationsRemoteService.swift in Sources */,
				86EE68BD22BC3E3000769B26 /* UltravisualLayout.swift in Sources */,
				865C4F0422BFB93600629F82 /* CommentsRemoteServiceMock.swift in Sources */,
				86ABD756225A5EB400D0EBE8 /* LoginVC.swift in Sources */,
				867EDB3F22ADC57300806528 /* AnnouncementsRemoteService.swift in Sources */,
				865C4F0222BFB7E200629F82 /* CommentsRemoteService.swift in Sources */,
				867EDB2522ADA64F00806528 /* TabBarCoordinator.swift in Sources */,
				865C4F1822C046E500629F82 /* InitiateConversationVC.swift in Sources */,
				867EDB3922ADC28500806528 /* AnnouncementHeadlineCollectionViewCell.swift in Sources */,
				86EA31BD225B3091004F7DCA /* LoginRemoteService.swift in Sources */,
				867EDB2922ADAB0F00806528 /* AnnouncementsTabCoordinator.swift in Sources */,
				865C4F0B22BFBE5E00629F82 /* CommentTableViewCell.swift in Sources */,
				86EA31CA225B8B39004F7DCA /* ServiceMockFactory.swift in Sources */,
				86EA31D622650CDD004F7DCA /* RegisterService.swift in Sources */,
				865C4EEE22BE854900629F82 /* OrganisationsService.swift in Sources */,
				867EDB4122ADC5BA00806528 /* AnnouncementsRemoteServiceReal.swift in Sources */,
				86ABD753225A5DEA00D0EBE8 /* LoginCoordinator.swift in Sources */,
				86EA31D222650B60004F7DCA /* RegisterDetails.swift in Sources */,
				865C4EF822BF788100629F82 /* AnnouncementCoordinator.swift in Sources */,
				86EE68C822BE6A7600769B26 /* SearchOrganisationTabCoordinator.swift in Sources */,
				86EE68CC22BE6B6500769B26 /* SettingsTabCoordinator.swift in Sources */,
				86ABD75B225A739900D0EBE8 /* UIColor+CustomColors.swift in Sources */,
				86ABD74A225A5CC000D0EBE8 /* UIStoryboard+AppStoryboards.swift in Sources */,
				86EA31BF225B3191004F7DCA /* LoginRemoteServiceReal.swift in Sources */,
				86EA31CE226509FF004F7DCA /* UIViewController+ErrorHandling.swift in Sources */,
				86EA31C8225B8B1C004F7DCA /* LoginRemoteServiceMock.swift in Sources */,
				865C4F0022BFB7BF00629F82 /* CommentsService.swift in Sources */,
				86EE68C522BE69D500769B26 /* SettingsTabVC.swift in Sources */,
				867EDB2F22ADB9F000806528 /* AnnouncementHeadline.swift in Sources */,
				86ABD74F225A5D2700D0EBE8 /* Coordinator.swift in Sources */,
				86EA31BB225B306F004F7DCA /* LoginService.swift in Sources */,
				86ABD748225A5C8500D0EBE8 /* StoryboardViewController.swift in Sources */,
				868E4DF02281CBC4002581B7 /* Result.swift in Sources */,
				865C4F1422C020A100629F82 /* OrganisationVM.swift in Sources */,
				86EA31C2225B336B004F7DCA /* LoginDetails.swift in Sources */,
				86EA31DE22651088004F7DCA /* RegisterRemoteServiceMock.swift in Sources */,
				865C4F0D22C016BC00629F82 /* FirstLoginCoordinator.swift in Sources */,
				867EDB2722ADA6B900806528 /* TabBarVC.swift in Sources */,
				86ABD735225A58F800D0EBE8 /* AppDelegate.swift in Sources */,
				867EDB4722ADC9E000806528 /* AnnouncementsTabVM.swift in Sources */,
				867EDB4322ADC5C900806528 /* AnnouncementsRemoteServiceMock.swift in Sources */,
				86EA31DC22650F79004F7DCA /* RegisterService+RegisterError.swift in Sources */,
				86EA31D022650AD6004F7DCA /* RegisterCoordinator.swift in Sources */,
				86EA31DA22650E1D004F7DCA /* RegisterHttpRemoteService.swift in Sources */,
				865C4EF222BE861900629F82 /* OrganisationsRemoteServiceMock.swift in Sources */,
				86EA31C6225B8ADF004F7DCA /* ServiceFactory.swift in Sources */,
				86EE68C322BE697400769B26 /* ChatOrganisationTabVC.swift in Sources */,
				86EE68C122BE68DA00769B26 /* SearchOrganisationTabVC.swift in Sources */,
				865C4F0622BFB98500629F82 /* Comment.swift in Sources */,
				86EA31B8225B3013004F7DCA /* ServiceProvider.swift in Sources */,
				865C4EFA22BF95D300629F82 /* AnnouncementVM.swift in Sources */,
				865C4F0822BFBD9900629F82 /* CommentsVM.swift in Sources */,
				867EDB3422ADBA7600806528 /* NibView.swift in Sources */,
				865C4F1622C023EF00629F82 /* SubscribeTableViewCell.swift in Sources */,
				86ABD75D225A78E200D0EBE8 /* RegisterVC.swift in Sources */,
				865C4F1122C01ED900629F82 /* Organisation.swift in Sources */,
			);
			runOnlyForDeploymentPostprocessing = 0;
		};
/* End PBXSourcesBuildPhase section */

/* Begin PBXVariantGroup section */
		86ABD738225A58F800D0EBE8 /* Main.storyboard */ = {
			isa = PBXVariantGroup;
			children = (
				86ABD739225A58F800D0EBE8 /* Base */,
			);
			name = Main.storyboard;
			sourceTree = "<group>";
		};
		86ABD73D225A58FB00D0EBE8 /* LaunchScreen.storyboard */ = {
			isa = PBXVariantGroup;
			children = (
				86ABD73E225A58FB00D0EBE8 /* Base */,
			);
			name = LaunchScreen.storyboard;
			sourceTree = "<group>";
		};
/* End PBXVariantGroup section */

/* Begin XCBuildConfiguration section */
		86ABD741225A58FB00D0EBE8 /* Debug */ = {
			isa = XCBuildConfiguration;
			buildSettings = {
				ALWAYS_SEARCH_USER_PATHS = NO;
				CLANG_ANALYZER_NONNULL = YES;
				CLANG_ANALYZER_NUMBER_OBJECT_CONVERSION = YES_AGGRESSIVE;
				CLANG_CXX_LANGUAGE_STANDARD = "gnu++14";
				CLANG_CXX_LIBRARY = "libc++";
				CLANG_ENABLE_MODULES = YES;
				CLANG_ENABLE_OBJC_ARC = YES;
				CLANG_ENABLE_OBJC_WEAK = YES;
				CLANG_WARN_BLOCK_CAPTURE_AUTORELEASING = YES;
				CLANG_WARN_BOOL_CONVERSION = YES;
				CLANG_WARN_COMMA = YES;
				CLANG_WARN_CONSTANT_CONVERSION = YES;
				CLANG_WARN_DEPRECATED_OBJC_IMPLEMENTATIONS = YES;
				CLANG_WARN_DIRECT_OBJC_ISA_USAGE = YES_ERROR;
				CLANG_WARN_DOCUMENTATION_COMMENTS = YES;
				CLANG_WARN_EMPTY_BODY = YES;
				CLANG_WARN_ENUM_CONVERSION = YES;
				CLANG_WARN_INFINITE_RECURSION = YES;
				CLANG_WARN_INT_CONVERSION = YES;
				CLANG_WARN_NON_LITERAL_NULL_CONVERSION = YES;
				CLANG_WARN_OBJC_IMPLICIT_RETAIN_SELF = YES;
				CLANG_WARN_OBJC_LITERAL_CONVERSION = YES;
				CLANG_WARN_OBJC_ROOT_CLASS = YES_ERROR;
				CLANG_WARN_RANGE_LOOP_ANALYSIS = YES;
				CLANG_WARN_STRICT_PROTOTYPES = YES;
				CLANG_WARN_SUSPICIOUS_MOVE = YES;
				CLANG_WARN_UNGUARDED_AVAILABILITY = YES_AGGRESSIVE;
				CLANG_WARN_UNREACHABLE_CODE = YES;
				CLANG_WARN__DUPLICATE_METHOD_MATCH = YES;
				CODE_SIGN_IDENTITY = "iPhone Developer";
				COPY_PHASE_STRIP = NO;
				DEBUG_INFORMATION_FORMAT = dwarf;
				ENABLE_STRICT_OBJC_MSGSEND = YES;
				ENABLE_TESTABILITY = YES;
				GCC_C_LANGUAGE_STANDARD = gnu11;
				GCC_DYNAMIC_NO_PIC = NO;
				GCC_NO_COMMON_BLOCKS = YES;
				GCC_OPTIMIZATION_LEVEL = 0;
				GCC_PREPROCESSOR_DEFINITIONS = (
					"DEBUG=1",
					"$(inherited)",
				);
				GCC_WARN_64_TO_32_BIT_CONVERSION = YES;
				GCC_WARN_ABOUT_RETURN_TYPE = YES_ERROR;
				GCC_WARN_UNDECLARED_SELECTOR = YES;
				GCC_WARN_UNINITIALIZED_AUTOS = YES_AGGRESSIVE;
				GCC_WARN_UNUSED_FUNCTION = YES;
				GCC_WARN_UNUSED_VARIABLE = YES;
				IPHONEOS_DEPLOYMENT_TARGET = 12.2;
				MTL_ENABLE_DEBUG_INFO = INCLUDE_SOURCE;
				MTL_FAST_MATH = YES;
				ONLY_ACTIVE_ARCH = YES;
				SDKROOT = iphoneos;
				SWIFT_ACTIVE_COMPILATION_CONDITIONS = DEBUG;
				SWIFT_OPTIMIZATION_LEVEL = "-Onone";
			};
			name = Debug;
		};
		86ABD742225A58FB00D0EBE8 /* Release */ = {
			isa = XCBuildConfiguration;
			buildSettings = {
				ALWAYS_SEARCH_USER_PATHS = NO;
				CLANG_ANALYZER_NONNULL = YES;
				CLANG_ANALYZER_NUMBER_OBJECT_CONVERSION = YES_AGGRESSIVE;
				CLANG_CXX_LANGUAGE_STANDARD = "gnu++14";
				CLANG_CXX_LIBRARY = "libc++";
				CLANG_ENABLE_MODULES = YES;
				CLANG_ENABLE_OBJC_ARC = YES;
				CLANG_ENABLE_OBJC_WEAK = YES;
				CLANG_WARN_BLOCK_CAPTURE_AUTORELEASING = YES;
				CLANG_WARN_BOOL_CONVERSION = YES;
				CLANG_WARN_COMMA = YES;
				CLANG_WARN_CONSTANT_CONVERSION = YES;
				CLANG_WARN_DEPRECATED_OBJC_IMPLEMENTATIONS = YES;
				CLANG_WARN_DIRECT_OBJC_ISA_USAGE = YES_ERROR;
				CLANG_WARN_DOCUMENTATION_COMMENTS = YES;
				CLANG_WARN_EMPTY_BODY = YES;
				CLANG_WARN_ENUM_CONVERSION = YES;
				CLANG_WARN_INFINITE_RECURSION = YES;
				CLANG_WARN_INT_CONVERSION = YES;
				CLANG_WARN_NON_LITERAL_NULL_CONVERSION = YES;
				CLANG_WARN_OBJC_IMPLICIT_RETAIN_SELF = YES;
				CLANG_WARN_OBJC_LITERAL_CONVERSION = YES;
				CLANG_WARN_OBJC_ROOT_CLASS = YES_ERROR;
				CLANG_WARN_RANGE_LOOP_ANALYSIS = YES;
				CLANG_WARN_STRICT_PROTOTYPES = YES;
				CLANG_WARN_SUSPICIOUS_MOVE = YES;
				CLANG_WARN_UNGUARDED_AVAILABILITY = YES_AGGRESSIVE;
				CLANG_WARN_UNREACHABLE_CODE = YES;
				CLANG_WARN__DUPLICATE_METHOD_MATCH = YES;
				CODE_SIGN_IDENTITY = "iPhone Developer";
				COPY_PHASE_STRIP = NO;
				DEBUG_INFORMATION_FORMAT = "dwarf-with-dsym";
				ENABLE_NS_ASSERTIONS = NO;
				ENABLE_STRICT_OBJC_MSGSEND = YES;
				GCC_C_LANGUAGE_STANDARD = gnu11;
				GCC_NO_COMMON_BLOCKS = YES;
				GCC_WARN_64_TO_32_BIT_CONVERSION = YES;
				GCC_WARN_ABOUT_RETURN_TYPE = YES_ERROR;
				GCC_WARN_UNDECLARED_SELECTOR = YES;
				GCC_WARN_UNINITIALIZED_AUTOS = YES_AGGRESSIVE;
				GCC_WARN_UNUSED_FUNCTION = YES;
				GCC_WARN_UNUSED_VARIABLE = YES;
				IPHONEOS_DEPLOYMENT_TARGET = 12.2;
				MTL_ENABLE_DEBUG_INFO = NO;
				MTL_FAST_MATH = YES;
				SDKROOT = iphoneos;
				SWIFT_COMPILATION_MODE = wholemodule;
				SWIFT_OPTIMIZATION_LEVEL = "-O";
				VALIDATE_PRODUCT = YES;
			};
			name = Release;
		};
		86ABD744225A58FB00D0EBE8 /* Debug */ = {
			isa = XCBuildConfiguration;
			baseConfigurationReference = D8D9F997ABB922F3B79BD0A4 /* Pods-onTop.debug.xcconfig */;
			buildSettings = {
				ASSETCATALOG_COMPILER_APPICON_NAME = AppIcon;
				CODE_SIGN_STYLE = Automatic;
				DEVELOPMENT_TEAM = U9Y88V64B7;
				INFOPLIST_FILE = onTop/Info.plist;
				LD_RUNPATH_SEARCH_PATHS = (
					"$(inherited)",
					"@executable_path/Frameworks",
				);
				PRODUCT_BUNDLE_IDENTIFIER = com.licenta.onTop;
				PRODUCT_NAME = "$(TARGET_NAME)";
				SWIFT_VERSION = 5.0;
				TARGETED_DEVICE_FAMILY = "1,2";
			};
			name = Debug;
		};
		86ABD745225A58FB00D0EBE8 /* Release */ = {
			isa = XCBuildConfiguration;
			baseConfigurationReference = 34E062F6C6D02453A7E65FC6 /* Pods-onTop.release.xcconfig */;
			buildSettings = {
				ASSETCATALOG_COMPILER_APPICON_NAME = AppIcon;
				CODE_SIGN_STYLE = Automatic;
				DEVELOPMENT_TEAM = U9Y88V64B7;
				INFOPLIST_FILE = onTop/Info.plist;
				LD_RUNPATH_SEARCH_PATHS = (
					"$(inherited)",
					"@executable_path/Frameworks",
				);
				PRODUCT_BUNDLE_IDENTIFIER = com.licenta.onTop;
				PRODUCT_NAME = "$(TARGET_NAME)";
				SWIFT_VERSION = 5.0;
				TARGETED_DEVICE_FAMILY = "1,2";
			};
			name = Release;
		};
/* End XCBuildConfiguration section */

/* Begin XCConfigurationList section */
		86ABD72C225A58F800D0EBE8 /* Build configuration list for PBXProject "onTop" */ = {
			isa = XCConfigurationList;
			buildConfigurations = (
				86ABD741225A58FB00D0EBE8 /* Debug */,
				86ABD742225A58FB00D0EBE8 /* Release */,
			);
			defaultConfigurationIsVisible = 0;
			defaultConfigurationName = Release;
		};
		86ABD743225A58FB00D0EBE8 /* Build configuration list for PBXNativeTarget "onTop" */ = {
			isa = XCConfigurationList;
			buildConfigurations = (
				86ABD744225A58FB00D0EBE8 /* Debug */,
				86ABD745225A58FB00D0EBE8 /* Release */,
			);
			defaultConfigurationIsVisible = 0;
			defaultConfigurationName = Release;
		};
/* End XCConfigurationList section */
	};
	rootObject = 86ABD729225A58F800D0EBE8 /* Project object */;
}
