// !$*UTF8*$!
{
	archiveVersion = 1;
	classes = {
	};
	objectVersion = 50;
	objects = {

/* Begin PBXBuildFile section */
		86ABD735225A58F800D0EBE8 /* AppDelegate.swift in Sources */ = {isa = PBXBuildFile; fileRef = 86ABD734225A58F800D0EBE8 /* AppDelegate.swift */; };
		86ABD73A225A58F800D0EBE8 /* Main.storyboard in Resources */ = {isa = PBXBuildFile; fileRef = 86ABD738225A58F800D0EBE8 /* Main.storyboard */; };
		86ABD73C225A58FB00D0EBE8 /* Assets.xcassets in Resources */ = {isa = PBXBuildFile; fileRef = 86ABD73B225A58FB00D0EBE8 /* Assets.xcassets */; };
		86ABD73F225A58FB00D0EBE8 /* LaunchScreen.storyboard in Resources */ = {isa = PBXBuildFile; fileRef = 86ABD73D225A58FB00D0EBE8 /* LaunchScreen.storyboard */; };
		86ABD748225A5C8500D0EBE8 /* StoryboardViewController.swift in Sources */ = {isa = PBXBuildFile; fileRef = 86ABD747225A5C8500D0EBE8 /* StoryboardViewController.swift */; };
		86ABD74A225A5CC000D0EBE8 /* UIStoryboard+AppStoryboards.swift in Sources */ = {isa = PBXBuildFile; fileRef = 86ABD749225A5CC000D0EBE8 /* UIStoryboard+AppStoryboards.swift */; };
		86ABD74F225A5D2700D0EBE8 /* Coordinator.swift in Sources */ = {isa = PBXBuildFile; fileRef = 86ABD74E225A5D2700D0EBE8 /* Coordinator.swift */; };
		86ABD751225A5D4D00D0EBE8 /* AppCoordinator.swift in Sources */ = {isa = PBXBuildFile; fileRef = 86ABD750225A5D4D00D0EBE8 /* AppCoordinator.swift */; };
		86ABD753225A5DEA00D0EBE8 /* LoginCoordinator.swift in Sources */ = {isa = PBXBuildFile; fileRef = 86ABD752225A5DEA00D0EBE8 /* LoginCoordinator.swift */; };
		86ABD756225A5EB400D0EBE8 /* LoginVC.swift in Sources */ = {isa = PBXBuildFile; fileRef = 86ABD755225A5EB400D0EBE8 /* LoginVC.swift */; };
/* End PBXBuildFile section */

/* Begin PBXFileReference section */
		86ABD731225A58F800D0EBE8 /* onTop.app */ = {isa = PBXFileReference; explicitFileType = wrapper.application; includeInIndex = 0; path = onTop.app; sourceTree = BUILT_PRODUCTS_DIR; };
		86ABD734225A58F800D0EBE8 /* AppDelegate.swift */ = {isa = PBXFileReference; lastKnownFileType = sourcecode.swift; path = AppDelegate.swift; sourceTree = "<group>"; };
		86ABD739225A58F800D0EBE8 /* Base */ = {isa = PBXFileReference; lastKnownFileType = file.storyboard; name = Base; path = Base.lproj/Main.storyboard; sourceTree = "<group>"; };
		86ABD73B225A58FB00D0EBE8 /* Assets.xcassets */ = {isa = PBXFileReference; lastKnownFileType = folder.assetcatalog; path = Assets.xcassets; sourceTree = "<group>"; };
		86ABD73E225A58FB00D0EBE8 /* Base */ = {isa = PBXFileReference; lastKnownFileType = file.storyboard; name = Base; path = Base.lproj/LaunchScreen.storyboard; sourceTree = "<group>"; };
		86ABD740225A58FB00D0EBE8 /* Info.plist */ = {isa = PBXFileReference; lastKnownFileType = text.plist.xml; path = Info.plist; sourceTree = "<group>"; };
		86ABD747225A5C8500D0EBE8 /* StoryboardViewController.swift */ = {isa = PBXFileReference; lastKnownFileType = sourcecode.swift; path = StoryboardViewController.swift; sourceTree = "<group>"; };
		86ABD749225A5CC000D0EBE8 /* UIStoryboard+AppStoryboards.swift */ = {isa = PBXFileReference; lastKnownFileType = sourcecode.swift; path = "UIStoryboard+AppStoryboards.swift"; sourceTree = "<group>"; };
		86ABD74E225A5D2700D0EBE8 /* Coordinator.swift */ = {isa = PBXFileReference; lastKnownFileType = sourcecode.swift; path = Coordinator.swift; sourceTree = "<group>"; };
		86ABD750225A5D4D00D0EBE8 /* AppCoordinator.swift */ = {isa = PBXFileReference; lastKnownFileType = sourcecode.swift; path = AppCoordinator.swift; sourceTree = "<group>"; };
		86ABD752225A5DEA00D0EBE8 /* LoginCoordinator.swift */ = {isa = PBXFileReference; lastKnownFileType = sourcecode.swift; path = LoginCoordinator.swift; sourceTree = "<group>"; };
		86ABD755225A5EB400D0EBE8 /* LoginVC.swift */ = {isa = PBXFileReference; lastKnownFileType = sourcecode.swift; path = LoginVC.swift; sourceTree = "<group>"; };
/* End PBXFileReference section */

/* Begin PBXFrameworksBuildPhase section */
		86ABD72E225A58F800D0EBE8 /* Frameworks */ = {
			isa = PBXFrameworksBuildPhase;
			buildActionMask = 2147483647;
			files = (
			);
			runOnlyForDeploymentPostprocessing = 0;
		};
/* End PBXFrameworksBuildPhase section */

/* Begin PBXGroup section */
		86ABD728225A58F800D0EBE8 = {
			isa = PBXGroup;
			children = (
				86ABD733225A58F800D0EBE8 /* onTop */,
				86ABD732225A58F800D0EBE8 /* Products */,
			);
			sourceTree = "<group>";
		};
		86ABD732225A58F800D0EBE8 /* Products */ = {
			isa = PBXGroup;
			children = (
				86ABD731225A58F800D0EBE8 /* onTop.app */,
			);
			name = Products;
			sourceTree = "<group>";
		};
		86ABD733225A58F800D0EBE8 /* onTop */ = {
			isa = PBXGroup;
			children = (
				86ABD754225A5DFB00D0EBE8 /* ViewControllers */,
				86ABD74D225A5D1100D0EBE8 /* Coordinators */,
				86ABD746225A5C5B00D0EBE8 /* Storyboard */,
				86ABD734225A58F800D0EBE8 /* AppDelegate.swift */,
				86ABD73B225A58FB00D0EBE8 /* Assets.xcassets */,
				86ABD73D225A58FB00D0EBE8 /* LaunchScreen.storyboard */,
				86ABD740225A58FB00D0EBE8 /* Info.plist */,
			);
			path = onTop;
			sourceTree = "<group>";
		};
		86ABD746225A5C5B00D0EBE8 /* Storyboard */ = {
			isa = PBXGroup;
			children = (
				86ABD738225A58F800D0EBE8 /* Main.storyboard */,
				86ABD747225A5C8500D0EBE8 /* StoryboardViewController.swift */,
				86ABD749225A5CC000D0EBE8 /* UIStoryboard+AppStoryboards.swift */,
			);
			path = Storyboard;
			sourceTree = "<group>";
		};
		86ABD74D225A5D1100D0EBE8 /* Coordinators */ = {
			isa = PBXGroup;
			children = (
				86ABD74E225A5D2700D0EBE8 /* Coordinator.swift */,
				86ABD750225A5D4D00D0EBE8 /* AppCoordinator.swift */,
				86ABD752225A5DEA00D0EBE8 /* LoginCoordinator.swift */,
			);
			path = Coordinators;
			sourceTree = "<group>";
		};
		86ABD754225A5DFB00D0EBE8 /* ViewControllers */ = {
			isa = PBXGroup;
			children = (
				86ABD755225A5EB400D0EBE8 /* LoginVC.swift */,
			);
			path = ViewControllers;
			sourceTree = "<group>";
		};
/* End PBXGroup section */

/* Begin PBXNativeTarget section */
		86ABD730225A58F800D0EBE8 /* onTop */ = {
			isa = PBXNativeTarget;
			buildConfigurationList = 86ABD743225A58FB00D0EBE8 /* Build configuration list for PBXNativeTarget "onTop" */;
			buildPhases = (
				86ABD72D225A58F800D0EBE8 /* Sources */,
				86ABD72E225A58F800D0EBE8 /* Frameworks */,
				86ABD72F225A58F800D0EBE8 /* Resources */,
			);
			buildRules = (
			);
			dependencies = (
			);
			name = onTop;
			productName = onTop;
			productReference = 86ABD731225A58F800D0EBE8 /* onTop.app */;
			productType = "com.apple.product-type.application";
		};
/* End PBXNativeTarget section */

/* Begin PBXProject section */
		86ABD729225A58F800D0EBE8 /* Project object */ = {
			isa = PBXProject;
			attributes = {
				LastSwiftUpdateCheck = 1020;
				LastUpgradeCheck = 1020;
				ORGANIZATIONNAME = "Alexandru Vrincean";
				TargetAttributes = {
					86ABD730225A58F800D0EBE8 = {
						CreatedOnToolsVersion = 10.2;
					};
				};
			};
			buildConfigurationList = 86ABD72C225A58F800D0EBE8 /* Build configuration list for PBXProject "onTop" */;
			compatibilityVersion = "Xcode 9.3";
			developmentRegion = en;
			hasScannedForEncodings = 0;
			knownRegions = (
				en,
				Base,
			);
			mainGroup = 86ABD728225A58F800D0EBE8;
			productRefGroup = 86ABD732225A58F800D0EBE8 /* Products */;
			projectDirPath = "";
			projectRoot = "";
			targets = (
				86ABD730225A58F800D0EBE8 /* onTop */,
			);
		};
/* End PBXProject section */

/* Begin PBXResourcesBuildPhase section */
		86ABD72F225A58F800D0EBE8 /* Resources */ = {
			isa = PBXResourcesBuildPhase;
			buildActionMask = 2147483647;
			files = (
				86ABD73F225A58FB00D0EBE8 /* LaunchScreen.storyboard in Resources */,
				86ABD73C225A58FB00D0EBE8 /* Assets.xcassets in Resources */,
				86ABD73A225A58F800D0EBE8 /* Main.storyboard in Resources */,
			);
			runOnlyForDeploymentPostprocessing = 0;
		};
/* End PBXResourcesBuildPhase section */

/* Begin PBXSourcesBuildPhase section */
		86ABD72D225A58F800D0EBE8 /* Sources */ = {
			isa = PBXSourcesBuildPhase;
			buildActionMask = 2147483647;
			files = (
				86ABD751225A5D4D00D0EBE8 /* AppCoordinator.swift in Sources */,
				86ABD756225A5EB400D0EBE8 /* LoginVC.swift in Sources */,
				86ABD753225A5DEA00D0EBE8 /* LoginCoordinator.swift in Sources */,
				86ABD74A225A5CC000D0EBE8 /* UIStoryboard+AppStoryboards.swift in Sources */,
				86ABD74F225A5D2700D0EBE8 /* Coordinator.swift in Sources */,
				86ABD748225A5C8500D0EBE8 /* StoryboardViewController.swift in Sources */,
				86ABD735225A58F800D0EBE8 /* AppDelegate.swift in Sources */,
			);
			runOnlyForDeploymentPostprocessing = 0;
		};
/* End PBXSourcesBuildPhase section */

/* Begin PBXVariantGroup section */
		86ABD738225A58F800D0EBE8 /* Main.storyboard */ = {
			isa = PBXVariantGroup;
			children = (
				86ABD739225A58F800D0EBE8 /* Base */,
			);
			name = Main.storyboard;
			sourceTree = "<group>";
		};
		86ABD73D225A58FB00D0EBE8 /* LaunchScreen.storyboard */ = {
			isa = PBXVariantGroup;
			children = (
				86ABD73E225A58FB00D0EBE8 /* Base */,
			);
			name = LaunchScreen.storyboard;
			sourceTree = "<group>";
		};
/* End PBXVariantGroup section */

/* Begin XCBuildConfiguration section */
		86ABD741225A58FB00D0EBE8 /* Debug */ = {
			isa = XCBuildConfiguration;
			buildSettings = {
				ALWAYS_SEARCH_USER_PATHS = NO;
				CLANG_ANALYZER_NONNULL = YES;
				CLANG_ANALYZER_NUMBER_OBJECT_CONVERSION = YES_AGGRESSIVE;
				CLANG_CXX_LANGUAGE_STANDARD = "gnu++14";
				CLANG_CXX_LIBRARY = "libc++";
				CLANG_ENABLE_MODULES = YES;
				CLANG_ENABLE_OBJC_ARC = YES;
				CLANG_ENABLE_OBJC_WEAK = YES;
				CLANG_WARN_BLOCK_CAPTURE_AUTORELEASING = YES;
				CLANG_WARN_BOOL_CONVERSION = YES;
				CLANG_WARN_COMMA = YES;
				CLANG_WARN_CONSTANT_CONVERSION = YES;
				CLANG_WARN_DEPRECATED_OBJC_IMPLEMENTATIONS = YES;
				CLANG_WARN_DIRECT_OBJC_ISA_USAGE = YES_ERROR;
				CLANG_WARN_DOCUMENTATION_COMMENTS = YES;
				CLANG_WARN_EMPTY_BODY = YES;
				CLANG_WARN_ENUM_CONVERSION = YES;
				CLANG_WARN_INFINITE_RECURSION = YES;
				CLANG_WARN_INT_CONVERSION = YES;
				CLANG_WARN_NON_LITERAL_NULL_CONVERSION = YES;
				CLANG_WARN_OBJC_IMPLICIT_RETAIN_SELF = YES;
				CLANG_WARN_OBJC_LITERAL_CONVERSION = YES;
				CLANG_WARN_OBJC_ROOT_CLASS = YES_ERROR;
				CLANG_WARN_RANGE_LOOP_ANALYSIS = YES;
				CLANG_WARN_STRICT_PROTOTYPES = YES;
				CLANG_WARN_SUSPICIOUS_MOVE = YES;
				CLANG_WARN_UNGUARDED_AVAILABILITY = YES_AGGRESSIVE;
				CLANG_WARN_UNREACHABLE_CODE = YES;
				CLANG_WARN__DUPLICATE_METHOD_MATCH = YES;
				CODE_SIGN_IDENTITY = "iPhone Developer";
				COPY_PHASE_STRIP = NO;
				DEBUG_INFORMATION_FORMAT = dwarf;
				ENABLE_STRICT_OBJC_MSGSEND = YES;
				ENABLE_TESTABILITY = YES;
				GCC_C_LANGUAGE_STANDARD = gnu11;
				GCC_DYNAMIC_NO_PIC = NO;
				GCC_NO_COMMON_BLOCKS = YES;
				GCC_OPTIMIZATION_LEVEL = 0;
				GCC_PREPROCESSOR_DEFINITIONS = (
					"DEBUG=1",
					"$(inherited)",
				);
				GCC_WARN_64_TO_32_BIT_CONVERSION = YES;
				GCC_WARN_ABOUT_RETURN_TYPE = YES_ERROR;
				GCC_WARN_UNDECLARED_SELECTOR = YES;
				GCC_WARN_UNINITIALIZED_AUTOS = YES_AGGRESSIVE;
				GCC_WARN_UNUSED_FUNCTION = YES;
				GCC_WARN_UNUSED_VARIABLE = YES;
				IPHONEOS_DEPLOYMENT_TARGET = 12.2;
				MTL_ENABLE_DEBUG_INFO = INCLUDE_SOURCE;
				MTL_FAST_MATH = YES;
				ONLY_ACTIVE_ARCH = YES;
				SDKROOT = iphoneos;
				SWIFT_ACTIVE_COMPILATION_CONDITIONS = DEBUG;
				SWIFT_OPTIMIZATION_LEVEL = "-Onone";
			};
			name = Debug;
		};
		86ABD742225A58FB00D0EBE8 /* Release */ = {
			isa = XCBuildConfiguration;
			buildSettings = {
				ALWAYS_SEARCH_USER_PATHS = NO;
				CLANG_ANALYZER_NONNULL = YES;
				CLANG_ANALYZER_NUMBER_OBJECT_CONVERSION = YES_AGGRESSIVE;
				CLANG_CXX_LANGUAGE_STANDARD = "gnu++14";
				CLANG_CXX_LIBRARY = "libc++";
				CLANG_ENABLE_MODULES = YES;
				CLANG_ENABLE_OBJC_ARC = YES;
				CLANG_ENABLE_OBJC_WEAK = YES;
				CLANG_WARN_BLOCK_CAPTURE_AUTORELEASING = YES;
				CLANG_WARN_BOOL_CONVERSION = YES;
				CLANG_WARN_COMMA = YES;
				CLANG_WARN_CONSTANT_CONVERSION = YES;
				CLANG_WARN_DEPRECATED_OBJC_IMPLEMENTATIONS = YES;
				CLANG_WARN_DIRECT_OBJC_ISA_USAGE = YES_ERROR;
				CLANG_WARN_DOCUMENTATION_COMMENTS = YES;
				CLANG_WARN_EMPTY_BODY = YES;
				CLANG_WARN_ENUM_CONVERSION = YES;
				CLANG_WARN_INFINITE_RECURSION = YES;
				CLANG_WARN_INT_CONVERSION = YES;
				CLANG_WARN_NON_LITERAL_NULL_CONVERSION = YES;
				CLANG_WARN_OBJC_IMPLICIT_RETAIN_SELF = YES;
				CLANG_WARN_OBJC_LITERAL_CONVERSION = YES;
				CLANG_WARN_OBJC_ROOT_CLASS = YES_ERROR;
				CLANG_WARN_RANGE_LOOP_ANALYSIS = YES;
				CLANG_WARN_STRICT_PROTOTYPES = YES;
				CLANG_WARN_SUSPICIOUS_MOVE = YES;
				CLANG_WARN_UNGUARDED_AVAILABILITY = YES_AGGRESSIVE;
				CLANG_WARN_UNREACHABLE_CODE = YES;
				CLANG_WARN__DUPLICATE_METHOD_MATCH = YES;
				CODE_SIGN_IDENTITY = "iPhone Developer";
				COPY_PHASE_STRIP = NO;
				DEBUG_INFORMATION_FORMAT = "dwarf-with-dsym";
				ENABLE_NS_ASSERTIONS = NO;
				ENABLE_STRICT_OBJC_MSGSEND = YES;
				GCC_C_LANGUAGE_STANDARD = gnu11;
				GCC_NO_COMMON_BLOCKS = YES;
				GCC_WARN_64_TO_32_BIT_CONVERSION = YES;
				GCC_WARN_ABOUT_RETURN_TYPE = YES_ERROR;
				GCC_WARN_UNDECLARED_SELECTOR = YES;
				GCC_WARN_UNINITIALIZED_AUTOS = YES_AGGRESSIVE;
				GCC_WARN_UNUSED_FUNCTION = YES;
				GCC_WARN_UNUSED_VARIABLE = YES;
				IPHONEOS_DEPLOYMENT_TARGET = 12.2;
				MTL_ENABLE_DEBUG_INFO = NO;
				MTL_FAST_MATH = YES;
				SDKROOT = iphoneos;
				SWIFT_COMPILATION_MODE = wholemodule;
				SWIFT_OPTIMIZATION_LEVEL = "-O";
				VALIDATE_PRODUCT = YES;
			};
			name = Release;
		};
		86ABD744225A58FB00D0EBE8 /* Debug */ = {
			isa = XCBuildConfiguration;
			buildSettings = {
				ASSETCATALOG_COMPILER_APPICON_NAME = AppIcon;
				CODE_SIGN_STYLE = Automatic;
				DEVELOPMENT_TEAM = U9Y88V64B7;
				INFOPLIST_FILE = onTop/Info.plist;
				LD_RUNPATH_SEARCH_PATHS = (
					"$(inherited)",
					"@executable_path/Frameworks",
				);
				PRODUCT_BUNDLE_IDENTIFIER = com.licenta.onTop;
				PRODUCT_NAME = "$(TARGET_NAME)";
				SWIFT_VERSION = 5.0;
				TARGETED_DEVICE_FAMILY = "1,2";
			};
			name = Debug;
		};
		86ABD745225A58FB00D0EBE8 /* Release */ = {
			isa = XCBuildConfiguration;
			buildSettings = {
				ASSETCATALOG_COMPILER_APPICON_NAME = AppIcon;
				CODE_SIGN_STYLE = Automatic;
				DEVELOPMENT_TEAM = U9Y88V64B7;
				INFOPLIST_FILE = onTop/Info.plist;
				LD_RUNPATH_SEARCH_PATHS = (
					"$(inherited)",
					"@executable_path/Frameworks",
				);
				PRODUCT_BUNDLE_IDENTIFIER = com.licenta.onTop;
				PRODUCT_NAME = "$(TARGET_NAME)";
				SWIFT_VERSION = 5.0;
				TARGETED_DEVICE_FAMILY = "1,2";
			};
			name = Release;
		};
/* End XCBuildConfiguration section */

/* Begin XCConfigurationList section */
		86ABD72C225A58F800D0EBE8 /* Build configuration list for PBXProject "onTop" */ = {
			isa = XCConfigurationList;
			buildConfigurations = (
				86ABD741225A58FB00D0EBE8 /* Debug */,
				86ABD742225A58FB00D0EBE8 /* Release */,
			);
			defaultConfigurationIsVisible = 0;
			defaultConfigurationName = Release;
		};
		86ABD743225A58FB00D0EBE8 /* Build configuration list for PBXNativeTarget "onTop" */ = {
			isa = XCConfigurationList;
			buildConfigurations = (
				86ABD744225A58FB00D0EBE8 /* Debug */,
				86ABD745225A58FB00D0EBE8 /* Release */,
			);
			defaultConfigurationIsVisible = 0;
			defaultConfigurationName = Release;
		};
/* End XCConfigurationList section */
	};
	rootObject = 86ABD729225A58F800D0EBE8 /* Project object */;
}
